
Microsoft Visual Studio Solution File, Format Version 12.00
# Visual Studio Version 17
VisualStudioVersion = 17.5.002.0
MinimumVisualStudioVersion = 10.0.40219.1
Project("{2150E333-8FDC-42A3-9474-1A3956D46DE8}") = "Chapter 1", "Chapter 1", "{44F368FD-498F-4272-8753-9F68A432DD57}"
EndProject
Project("{9A19103F-16F7-4668-BE54-9A1E7A4F7556}") = "Exercise6", "Chapter 1\Exercise6\Exercise6.csproj", "{034E3C60-D610-4538-9888-0747D4D157AE}"
EndProject
Project("{9A19103F-16F7-4668-BE54-9A1E7A4F7556}") = "Exercise7", "Chapter 1\Exercise7\Exercise7.csproj", "{D9E443D3-51E1-44DA-9B56-67B62A0D861C}"
EndProject
Project("{9A19103F-16F7-4668-BE54-9A1E7A4F7556}") = "Exercise8", "Chapter 1\Exercise8\Exercise8.csproj", "{119785F0-872C-4532-ABC0-68F3CEBBB842}"
EndProject
Project("{9A19103F-16F7-4668-BE54-9A1E7A4F7556}") = "Exercise9", "Chapter 1\Exercise9\Exercise9.csproj", "{A34780FD-E416-4ADB-B6CB-4EC2D6D7BCED}"
EndProject
Project("{9A19103F-16F7-4668-BE54-9A1E7A4F7556}") = "Exercise10", "Chapter 1\Exercise10\Exercise10.csproj", "{0D4BD3DA-D103-4783-A8F8-FF8F53B6A64B}"
EndProject
Project("{FAE04EC0-301F-11D3-BF4B-00C04F79EFBC}") = "Exercise11", "Chapter 1\Exercise11\Exercise11.csproj", "{C8D81D89-1E07-495A-87AC-92FA4FE52560}"
EndProject
Project("{2150E333-8FDC-42A3-9474-1A3956D46DE8}") = "Chapter 2", "Chapter 2", "{316CA5CB-0A58-4F73-8760-3B1C5248A179}"
EndProject
Project("{FAE04EC0-301F-11D3-BF4B-00C04F79EFBC}") = "Exercise1", "Chapter 2\Exercise1\Exercise1.csproj", "{06ADBC4D-82AC-461C-9146-851EB2317709}"
EndProject
Project("{FAE04EC0-301F-11D3-BF4B-00C04F79EFBC}") = "Exercise2", "Chapter 2\Exercise2\Exercise2.csproj", "{15C305E6-57AA-46D6-8342-438A8BD97ECB}"
EndProject
Project("{FAE04EC0-301F-11D3-BF4B-00C04F79EFBC}") = "Exercise3", "Chapter 2\Exercise3\Exercise3.csproj", "{DC8CADF0-DFCC-42FE-8D07-454F98267CE2}"
EndProject
Project("{FAE04EC0-301F-11D3-BF4B-00C04F79EFBC}") = "Exercise4", "Chapter 2\Exercise4\Exercise4.csproj", "{BB79C3DF-7B56-47DA-A129-CFAE811ED501}"
EndProject
Project("{FAE04EC0-301F-11D3-BF4B-00C04F79EFBC}") = "Exercise5", "Chapter 2\Exercise5\Exercise5.csproj", "{6E5487E9-E5D6-4911-94B6-67B662F721B7}"
EndProject
Project("{FAE04EC0-301F-11D3-BF4B-00C04F79EFBC}") = "Exercise6", "Chapter 2\Exercise6\Exercise6.csproj", "{0C6BA5C5-1FF4-449E-BBE0-F4B6862E45D4}"
EndProject
Project("{FAE04EC0-301F-11D3-BF4B-00C04F79EFBC}") = "Exercise7", "Chapter 2\Exercise7\Exercise7.csproj", "{0C3961A2-6590-4B55-AD71-FD5A9787DA22}"
EndProject
Project("{FAE04EC0-301F-11D3-BF4B-00C04F79EFBC}") = "Exercise8", "Chapter 2\Exercise8\Exercise8.csproj", "{C4FC875A-9B60-4B12-984A-69C2E162A5AB}"
EndProject
Project("{FAE04EC0-301F-11D3-BF4B-00C04F79EFBC}") = "Exercise9", "Chapter 2\Exercise9\Exercise9.csproj", "{6417932D-EA76-40C4-BA0F-A4E52C2A28C0}"
EndProject
Project("{FAE04EC0-301F-11D3-BF4B-00C04F79EFBC}") = "Exercise10", "Chapter 2\Exercise10\Exercise10.csproj", "{0751F521-6034-4B58-B0AD-5FED500EBC08}"
EndProject
Project("{FAE04EC0-301F-11D3-BF4B-00C04F79EFBC}") = "Exercise11", "Chapter 2\Exercise11\Exercise11.csproj", "{356EED48-A2FF-4FFE-99D5-2080F98CF190}"
EndProject
Project("{FAE04EC0-301F-11D3-BF4B-00C04F79EFBC}") = "Exercise12", "Chapter 2\Exercise12\Exercise12.csproj", "{F417CCC3-60F5-4858-9641-F21C7D131DDB}"
EndProject
Project("{FAE04EC0-301F-11D3-BF4B-00C04F79EFBC}") = "Exercise13", "Chapter 2\Exercise13\Exercise13.csproj", "{13BC05A3-B3D0-4B32-B165-8D805B697B83}"
EndProject
Project("{2150E333-8FDC-42A3-9474-1A3956D46DE8}") = "Chapter 3", "Chapter 3", "{2F22F5A1-9283-42FD-8F7E-F5802686C7CC}"
EndProject
Project("{FAE04EC0-301F-11D3-BF4B-00C04F79EFBC}") = "Exercise1", "Chapter 3\Exercise1\Exercise1.csproj", "{FE2E3BDC-1C42-49A1-8C0A-C2863E94A25F}"
EndProject
Project("{FAE04EC0-301F-11D3-BF4B-00C04F79EFBC}") = "Exercise2", "Chapter 3\Exercise2\Exercise2.csproj", "{256D8E2F-33A6-43AE-927B-955734DB2905}"
EndProject
Project("{FAE04EC0-301F-11D3-BF4B-00C04F79EFBC}") = "Exercise3", "Chapter 3\Exercise3\Exercise3.csproj", "{2949966C-2143-4207-B42D-6404484913D3}"
EndProject
Project("{FAE04EC0-301F-11D3-BF4B-00C04F79EFBC}") = "Exercise4", "Chapter 3\Exercise4\Exercise4.csproj", "{FB8584A3-DD26-4043-89BD-919AB1C83802}"
EndProject
Project("{FAE04EC0-301F-11D3-BF4B-00C04F79EFBC}") = "Exercise5", "Chapter 3\Exercise5\Exercise5.csproj", "{0D722DEE-DA92-40F1-8F08-5178C99F0998}"
EndProject
Project("{FAE04EC0-301F-11D3-BF4B-00C04F79EFBC}") = "Exercise6", "Chapter 3\Exercise6\Exercise6.csproj", "{0048B1F1-19AD-40AF-A54F-2940718FA460}"
EndProject
Project("{FAE04EC0-301F-11D3-BF4B-00C04F79EFBC}") = "Exercise8", "Chapter 3\Exercise8\Exercise8.csproj", "{B113BC6B-5345-4E22-B124-802DE9528F7D}"
EndProject
Project("{FAE04EC0-301F-11D3-BF4B-00C04F79EFBC}") = "Exercise7", "Chapter 3\Exercise7\Exercise7.csproj", "{516AD1DA-7D74-479F-B620-9BD628B32898}"
EndProject
Project("{FAE04EC0-301F-11D3-BF4B-00C04F79EFBC}") = "Exercise9", "Chapter 3\Exercise9\Exercise9.csproj", "{6AEEEE82-A243-4BFE-96AB-7793C6D54B82}"
EndProject
Project("{FAE04EC0-301F-11D3-BF4B-00C04F79EFBC}") = "Exercise10", "Chapter 3\Exercise10\Exercise10.csproj", "{88CC5542-2038-46F4-9B98-88DCE399F345}"
EndProject
Project("{FAE04EC0-301F-11D3-BF4B-00C04F79EFBC}") = "Exercise11", "Chapter 3\Exercise11\Exercise11.csproj", "{BF480322-1C8F-41B7-B36B-FB437671B6EE}"
EndProject
Project("{FAE04EC0-301F-11D3-BF4B-00C04F79EFBC}") = "Exercise12", "Chapter 3\Exercise12\Exercise12.csproj", "{6C348456-E293-4932-86B4-F52BFD09919B}"
EndProject
Project("{FAE04EC0-301F-11D3-BF4B-00C04F79EFBC}") = "Exercise13", "Chapter 3\Exercise13\Exercise13.csproj", "{1B51CC86-035B-4311-965A-60A4CF3F6482}"
EndProject
Project("{FAE04EC0-301F-11D3-BF4B-00C04F79EFBC}") = "Exercise14", "Chapter 3\Exercise14\Exercise14.csproj", "{0D4DB91F-BE1D-4AE5-AE5B-AE3503B62D34}"
EndProject
Project("{FAE04EC0-301F-11D3-BF4B-00C04F79EFBC}") = "Exercise15", "Chapter 3\Exercise15\Exercise15.csproj", "{4B9368AA-4CB3-4736-9D49-770CBF4C888A}"
EndProject
Project("{FAE04EC0-301F-11D3-BF4B-00C04F79EFBC}") = "Exercise16", "Chapter 3\Exercise16\Exercise16.csproj", "{F683C513-791A-4BB9-BD41-30A2FAAA6CD6}"
EndProject
Project("{2150E333-8FDC-42A3-9474-1A3956D46DE8}") = "Chapter 4", "Chapter 4", "{7AED5485-0999-4AD4-9A5E-C17732F47B83}"
EndProject
Project("{FAE04EC0-301F-11D3-BF4B-00C04F79EFBC}") = "1. Sum3Numbers", "Chapter 4\1. Sum3Numbers\1. Sum3Numbers.csproj", "{E7339D40-ED9F-461D-893E-CCE885843458}"
EndProject
Project("{FAE04EC0-301F-11D3-BF4B-00C04F79EFBC}") = "2. CIrclePArea", "Chapter 4\2. CIrclePArea\2. CIrclePArea.csproj", "{1F29A3C3-2955-4891-865B-5C702264E4E4}"
EndProject
Project("{FAE04EC0-301F-11D3-BF4B-00C04F79EFBC}") = "3. CompanyInfo", "Chapter 4\3. CompanyInfo\3. CompanyInfo.csproj", "{74A83C2B-8ACD-4520-ABDC-147FCC037E10}"
EndProject
Project("{FAE04EC0-301F-11D3-BF4B-00C04F79EFBC}") = "4. ThreeColumns", "Chapter 4\4. ThreeColumns\4. ThreeColumns.csproj", "{EC89EFC8-661B-4E1E-97C0-60F769A86DB6}"
EndProject
Project("{FAE04EC0-301F-11D3-BF4B-00C04F79EFBC}") = "5. BetweenThem", "Chapter 4\5. BetweenThem\5. BetweenThem.csproj", "{9BC88FBF-8A8A-4EF1-B270-A74F01F4E008}"
EndProject
Project("{FAE04EC0-301F-11D3-BF4B-00C04F79EFBC}") = "6. PrintGreater", "Chapter 4\6. PrintGreater\6. PrintGreater.csproj", "{6B331CF8-F733-459C-803C-52A0284DC15A}"
EndProject
Project("{FAE04EC0-301F-11D3-BF4B-00C04F79EFBC}") = "7. Sum5Integers", "Chapter 4\7. Sum5Integers\7. Sum5Integers.csproj", "{A1EF7243-33CE-4DDE-ACB3-9058FF62F008}"
EndProject
Project("{FAE04EC0-301F-11D3-BF4B-00C04F79EFBC}") = "8. GreatestOfFive", "Chapter 4\8. GreatestOfFive\8. GreatestOfFive.csproj", "{88774392-2815-4BCC-A500-847FF4DF9210}"
EndProject
Project("{FAE04EC0-301F-11D3-BF4B-00C04F79EFBC}") = "9. SumNNumbers", "Chapter 4\9. SumNNumbers\9. SumNNumbers.csproj", "{FCE292D3-3B18-4D2F-BEF8-6251D85D9898}"
EndProject
Project("{FAE04EC0-301F-11D3-BF4B-00C04F79EFBC}") = "10. InTheRange", "Chapter 4\10. InTheRange\10. InTheRange.csproj", "{BB5C600A-B177-4C86-BCA4-EF703FD78F5E}"
EndProject
Project("{FAE04EC0-301F-11D3-BF4B-00C04F79EFBC}") = "11. Fibonacci100", "Chapter 4\11. Fibonacci100\11. Fibonacci100.csproj", "{261E8F5C-EDEE-4F52-8C18-FA83DECAECD4}"
EndProject
Project("{FAE04EC0-301F-11D3-BF4B-00C04F79EFBC}") = "12. SequenceSum", "Chapter 4\12. SequenceSum\12. SequenceSum.csproj", "{D6B2D83A-F5F7-4EA3-9C19-88327AD13FB4}"
EndProject
Project("{2150E333-8FDC-42A3-9474-1A3956D46DE8}") = "Chapter 5", "Chapter 5", "{86FB1FBF-BDBB-4274-B878-114035410594}"
EndProject
Project("{FAE04EC0-301F-11D3-BF4B-00C04F79EFBC}") = "1. ExchangeIfGreater", "Chapter 5\1. ExchangeIfGreater\1. ExchangeIfGreater.csproj", "{6F89FAD9-D958-45F7-AB69-8FCBB96DE60F}"
EndProject
Project("{FAE04EC0-301F-11D3-BF4B-00C04F79EFBC}") = "2. ShowSign", "Chapter 5\2. ShowSign\2. ShowSign.csproj", "{07877AA7-40F3-455A-95AF-A7C19AB281BA}"
EndProject
Project("{FAE04EC0-301F-11D3-BF4B-00C04F79EFBC}") = "4. Sort3Numbers", "Chapter 5\4. Sort3Numbers\4. Sort3Numbers.csproj", "{311542B3-1A4E-419C-89A2-91747FF01424}"
EndProject
Project("{FAE04EC0-301F-11D3-BF4B-00C04F79EFBC}") = "5. DigitToWord", "Chapter 5\5. DigitToWord\5. DigitToWord.csproj", "{A38A536E-089A-4092-AF33-7A90BA044AD8}"
EndProject
Global
	GlobalSection(SolutionConfigurationPlatforms) = preSolution
		Debug|Any CPU = Debug|Any CPU
		Release|Any CPU = Release|Any CPU
	EndGlobalSection
	GlobalSection(ProjectConfigurationPlatforms) = postSolution
		{034E3C60-D610-4538-9888-0747D4D157AE}.Debug|Any CPU.ActiveCfg = Debug|Any CPU
		{034E3C60-D610-4538-9888-0747D4D157AE}.Debug|Any CPU.Build.0 = Debug|Any CPU
		{034E3C60-D610-4538-9888-0747D4D157AE}.Release|Any CPU.ActiveCfg = Release|Any CPU
		{034E3C60-D610-4538-9888-0747D4D157AE}.Release|Any CPU.Build.0 = Release|Any CPU
		{D9E443D3-51E1-44DA-9B56-67B62A0D861C}.Debug|Any CPU.ActiveCfg = Debug|Any CPU
		{D9E443D3-51E1-44DA-9B56-67B62A0D861C}.Debug|Any CPU.Build.0 = Debug|Any CPU
		{D9E443D3-51E1-44DA-9B56-67B62A0D861C}.Release|Any CPU.ActiveCfg = Release|Any CPU
		{D9E443D3-51E1-44DA-9B56-67B62A0D861C}.Release|Any CPU.Build.0 = Release|Any CPU
		{119785F0-872C-4532-ABC0-68F3CEBBB842}.Debug|Any CPU.ActiveCfg = Debug|Any CPU
		{119785F0-872C-4532-ABC0-68F3CEBBB842}.Debug|Any CPU.Build.0 = Debug|Any CPU
		{119785F0-872C-4532-ABC0-68F3CEBBB842}.Release|Any CPU.ActiveCfg = Release|Any CPU
		{119785F0-872C-4532-ABC0-68F3CEBBB842}.Release|Any CPU.Build.0 = Release|Any CPU
		{A34780FD-E416-4ADB-B6CB-4EC2D6D7BCED}.Debug|Any CPU.ActiveCfg = Debug|Any CPU
		{A34780FD-E416-4ADB-B6CB-4EC2D6D7BCED}.Debug|Any CPU.Build.0 = Debug|Any CPU
		{A34780FD-E416-4ADB-B6CB-4EC2D6D7BCED}.Release|Any CPU.ActiveCfg = Release|Any CPU
		{A34780FD-E416-4ADB-B6CB-4EC2D6D7BCED}.Release|Any CPU.Build.0 = Release|Any CPU
		{0D4BD3DA-D103-4783-A8F8-FF8F53B6A64B}.Debug|Any CPU.ActiveCfg = Debug|Any CPU
		{0D4BD3DA-D103-4783-A8F8-FF8F53B6A64B}.Debug|Any CPU.Build.0 = Debug|Any CPU
		{0D4BD3DA-D103-4783-A8F8-FF8F53B6A64B}.Release|Any CPU.ActiveCfg = Release|Any CPU
		{0D4BD3DA-D103-4783-A8F8-FF8F53B6A64B}.Release|Any CPU.Build.0 = Release|Any CPU
		{C8D81D89-1E07-495A-87AC-92FA4FE52560}.Debug|Any CPU.ActiveCfg = Debug|Any CPU
		{C8D81D89-1E07-495A-87AC-92FA4FE52560}.Debug|Any CPU.Build.0 = Debug|Any CPU
		{C8D81D89-1E07-495A-87AC-92FA4FE52560}.Release|Any CPU.ActiveCfg = Release|Any CPU
		{C8D81D89-1E07-495A-87AC-92FA4FE52560}.Release|Any CPU.Build.0 = Release|Any CPU
		{06ADBC4D-82AC-461C-9146-851EB2317709}.Debug|Any CPU.ActiveCfg = Debug|Any CPU
		{06ADBC4D-82AC-461C-9146-851EB2317709}.Debug|Any CPU.Build.0 = Debug|Any CPU
		{06ADBC4D-82AC-461C-9146-851EB2317709}.Release|Any CPU.ActiveCfg = Release|Any CPU
		{06ADBC4D-82AC-461C-9146-851EB2317709}.Release|Any CPU.Build.0 = Release|Any CPU
		{15C305E6-57AA-46D6-8342-438A8BD97ECB}.Debug|Any CPU.ActiveCfg = Debug|Any CPU
		{15C305E6-57AA-46D6-8342-438A8BD97ECB}.Debug|Any CPU.Build.0 = Debug|Any CPU
		{15C305E6-57AA-46D6-8342-438A8BD97ECB}.Release|Any CPU.ActiveCfg = Release|Any CPU
		{15C305E6-57AA-46D6-8342-438A8BD97ECB}.Release|Any CPU.Build.0 = Release|Any CPU
		{DC8CADF0-DFCC-42FE-8D07-454F98267CE2}.Debug|Any CPU.ActiveCfg = Debug|Any CPU
		{DC8CADF0-DFCC-42FE-8D07-454F98267CE2}.Debug|Any CPU.Build.0 = Debug|Any CPU
		{DC8CADF0-DFCC-42FE-8D07-454F98267CE2}.Release|Any CPU.ActiveCfg = Release|Any CPU
		{DC8CADF0-DFCC-42FE-8D07-454F98267CE2}.Release|Any CPU.Build.0 = Release|Any CPU
		{BB79C3DF-7B56-47DA-A129-CFAE811ED501}.Debug|Any CPU.ActiveCfg = Debug|Any CPU
		{BB79C3DF-7B56-47DA-A129-CFAE811ED501}.Debug|Any CPU.Build.0 = Debug|Any CPU
		{BB79C3DF-7B56-47DA-A129-CFAE811ED501}.Release|Any CPU.ActiveCfg = Release|Any CPU
		{BB79C3DF-7B56-47DA-A129-CFAE811ED501}.Release|Any CPU.Build.0 = Release|Any CPU
		{6E5487E9-E5D6-4911-94B6-67B662F721B7}.Debug|Any CPU.ActiveCfg = Debug|Any CPU
		{6E5487E9-E5D6-4911-94B6-67B662F721B7}.Debug|Any CPU.Build.0 = Debug|Any CPU
		{6E5487E9-E5D6-4911-94B6-67B662F721B7}.Release|Any CPU.ActiveCfg = Release|Any CPU
		{6E5487E9-E5D6-4911-94B6-67B662F721B7}.Release|Any CPU.Build.0 = Release|Any CPU
		{0C6BA5C5-1FF4-449E-BBE0-F4B6862E45D4}.Debug|Any CPU.ActiveCfg = Debug|Any CPU
		{0C6BA5C5-1FF4-449E-BBE0-F4B6862E45D4}.Debug|Any CPU.Build.0 = Debug|Any CPU
		{0C6BA5C5-1FF4-449E-BBE0-F4B6862E45D4}.Release|Any CPU.ActiveCfg = Release|Any CPU
		{0C6BA5C5-1FF4-449E-BBE0-F4B6862E45D4}.Release|Any CPU.Build.0 = Release|Any CPU
		{0C3961A2-6590-4B55-AD71-FD5A9787DA22}.Debug|Any CPU.ActiveCfg = Debug|Any CPU
		{0C3961A2-6590-4B55-AD71-FD5A9787DA22}.Debug|Any CPU.Build.0 = Debug|Any CPU
		{0C3961A2-6590-4B55-AD71-FD5A9787DA22}.Release|Any CPU.ActiveCfg = Release|Any CPU
		{0C3961A2-6590-4B55-AD71-FD5A9787DA22}.Release|Any CPU.Build.0 = Release|Any CPU
		{C4FC875A-9B60-4B12-984A-69C2E162A5AB}.Debug|Any CPU.ActiveCfg = Debug|Any CPU
		{C4FC875A-9B60-4B12-984A-69C2E162A5AB}.Debug|Any CPU.Build.0 = Debug|Any CPU
		{C4FC875A-9B60-4B12-984A-69C2E162A5AB}.Release|Any CPU.ActiveCfg = Release|Any CPU
		{C4FC875A-9B60-4B12-984A-69C2E162A5AB}.Release|Any CPU.Build.0 = Release|Any CPU
		{6417932D-EA76-40C4-BA0F-A4E52C2A28C0}.Debug|Any CPU.ActiveCfg = Debug|Any CPU
		{6417932D-EA76-40C4-BA0F-A4E52C2A28C0}.Debug|Any CPU.Build.0 = Debug|Any CPU
		{6417932D-EA76-40C4-BA0F-A4E52C2A28C0}.Release|Any CPU.ActiveCfg = Release|Any CPU
		{6417932D-EA76-40C4-BA0F-A4E52C2A28C0}.Release|Any CPU.Build.0 = Release|Any CPU
		{0751F521-6034-4B58-B0AD-5FED500EBC08}.Debug|Any CPU.ActiveCfg = Debug|Any CPU
		{0751F521-6034-4B58-B0AD-5FED500EBC08}.Debug|Any CPU.Build.0 = Debug|Any CPU
		{0751F521-6034-4B58-B0AD-5FED500EBC08}.Release|Any CPU.ActiveCfg = Release|Any CPU
		{0751F521-6034-4B58-B0AD-5FED500EBC08}.Release|Any CPU.Build.0 = Release|Any CPU
		{356EED48-A2FF-4FFE-99D5-2080F98CF190}.Debug|Any CPU.ActiveCfg = Debug|Any CPU
		{356EED48-A2FF-4FFE-99D5-2080F98CF190}.Debug|Any CPU.Build.0 = Debug|Any CPU
		{356EED48-A2FF-4FFE-99D5-2080F98CF190}.Release|Any CPU.ActiveCfg = Release|Any CPU
		{356EED48-A2FF-4FFE-99D5-2080F98CF190}.Release|Any CPU.Build.0 = Release|Any CPU
		{F417CCC3-60F5-4858-9641-F21C7D131DDB}.Debug|Any CPU.ActiveCfg = Debug|Any CPU
		{F417CCC3-60F5-4858-9641-F21C7D131DDB}.Debug|Any CPU.Build.0 = Debug|Any CPU
		{F417CCC3-60F5-4858-9641-F21C7D131DDB}.Release|Any CPU.ActiveCfg = Release|Any CPU
		{F417CCC3-60F5-4858-9641-F21C7D131DDB}.Release|Any CPU.Build.0 = Release|Any CPU
		{13BC05A3-B3D0-4B32-B165-8D805B697B83}.Debug|Any CPU.ActiveCfg = Debug|Any CPU
		{13BC05A3-B3D0-4B32-B165-8D805B697B83}.Debug|Any CPU.Build.0 = Debug|Any CPU
		{13BC05A3-B3D0-4B32-B165-8D805B697B83}.Release|Any CPU.ActiveCfg = Release|Any CPU
		{13BC05A3-B3D0-4B32-B165-8D805B697B83}.Release|Any CPU.Build.0 = Release|Any CPU
		{FE2E3BDC-1C42-49A1-8C0A-C2863E94A25F}.Debug|Any CPU.ActiveCfg = Debug|Any CPU
		{FE2E3BDC-1C42-49A1-8C0A-C2863E94A25F}.Debug|Any CPU.Build.0 = Debug|Any CPU
		{FE2E3BDC-1C42-49A1-8C0A-C2863E94A25F}.Release|Any CPU.ActiveCfg = Release|Any CPU
		{FE2E3BDC-1C42-49A1-8C0A-C2863E94A25F}.Release|Any CPU.Build.0 = Release|Any CPU
		{256D8E2F-33A6-43AE-927B-955734DB2905}.Debug|Any CPU.ActiveCfg = Debug|Any CPU
		{256D8E2F-33A6-43AE-927B-955734DB2905}.Debug|Any CPU.Build.0 = Debug|Any CPU
		{256D8E2F-33A6-43AE-927B-955734DB2905}.Release|Any CPU.ActiveCfg = Release|Any CPU
		{256D8E2F-33A6-43AE-927B-955734DB2905}.Release|Any CPU.Build.0 = Release|Any CPU
		{2949966C-2143-4207-B42D-6404484913D3}.Debug|Any CPU.ActiveCfg = Debug|Any CPU
		{2949966C-2143-4207-B42D-6404484913D3}.Debug|Any CPU.Build.0 = Debug|Any CPU
		{2949966C-2143-4207-B42D-6404484913D3}.Release|Any CPU.ActiveCfg = Release|Any CPU
		{2949966C-2143-4207-B42D-6404484913D3}.Release|Any CPU.Build.0 = Release|Any CPU
		{FB8584A3-DD26-4043-89BD-919AB1C83802}.Debug|Any CPU.ActiveCfg = Debug|Any CPU
		{FB8584A3-DD26-4043-89BD-919AB1C83802}.Debug|Any CPU.Build.0 = Debug|Any CPU
		{FB8584A3-DD26-4043-89BD-919AB1C83802}.Release|Any CPU.ActiveCfg = Release|Any CPU
		{FB8584A3-DD26-4043-89BD-919AB1C83802}.Release|Any CPU.Build.0 = Release|Any CPU
		{0D722DEE-DA92-40F1-8F08-5178C99F0998}.Debug|Any CPU.ActiveCfg = Debug|Any CPU
		{0D722DEE-DA92-40F1-8F08-5178C99F0998}.Debug|Any CPU.Build.0 = Debug|Any CPU
		{0D722DEE-DA92-40F1-8F08-5178C99F0998}.Release|Any CPU.ActiveCfg = Release|Any CPU
		{0D722DEE-DA92-40F1-8F08-5178C99F0998}.Release|Any CPU.Build.0 = Release|Any CPU
		{0048B1F1-19AD-40AF-A54F-2940718FA460}.Debug|Any CPU.ActiveCfg = Debug|Any CPU
		{0048B1F1-19AD-40AF-A54F-2940718FA460}.Debug|Any CPU.Build.0 = Debug|Any CPU
		{0048B1F1-19AD-40AF-A54F-2940718FA460}.Release|Any CPU.ActiveCfg = Release|Any CPU
		{0048B1F1-19AD-40AF-A54F-2940718FA460}.Release|Any CPU.Build.0 = Release|Any CPU
		{B113BC6B-5345-4E22-B124-802DE9528F7D}.Debug|Any CPU.ActiveCfg = Debug|Any CPU
		{B113BC6B-5345-4E22-B124-802DE9528F7D}.Debug|Any CPU.Build.0 = Debug|Any CPU
		{B113BC6B-5345-4E22-B124-802DE9528F7D}.Release|Any CPU.ActiveCfg = Release|Any CPU
		{B113BC6B-5345-4E22-B124-802DE9528F7D}.Release|Any CPU.Build.0 = Release|Any CPU
		{516AD1DA-7D74-479F-B620-9BD628B32898}.Debug|Any CPU.ActiveCfg = Debug|Any CPU
		{516AD1DA-7D74-479F-B620-9BD628B32898}.Debug|Any CPU.Build.0 = Debug|Any CPU
		{516AD1DA-7D74-479F-B620-9BD628B32898}.Release|Any CPU.ActiveCfg = Release|Any CPU
		{516AD1DA-7D74-479F-B620-9BD628B32898}.Release|Any CPU.Build.0 = Release|Any CPU
		{6AEEEE82-A243-4BFE-96AB-7793C6D54B82}.Debug|Any CPU.ActiveCfg = Debug|Any CPU
		{6AEEEE82-A243-4BFE-96AB-7793C6D54B82}.Debug|Any CPU.Build.0 = Debug|Any CPU
		{6AEEEE82-A243-4BFE-96AB-7793C6D54B82}.Release|Any CPU.ActiveCfg = Release|Any CPU
		{6AEEEE82-A243-4BFE-96AB-7793C6D54B82}.Release|Any CPU.Build.0 = Release|Any CPU
		{88CC5542-2038-46F4-9B98-88DCE399F345}.Debug|Any CPU.ActiveCfg = Debug|Any CPU
		{88CC5542-2038-46F4-9B98-88DCE399F345}.Debug|Any CPU.Build.0 = Debug|Any CPU
		{88CC5542-2038-46F4-9B98-88DCE399F345}.Release|Any CPU.ActiveCfg = Release|Any CPU
		{88CC5542-2038-46F4-9B98-88DCE399F345}.Release|Any CPU.Build.0 = Release|Any CPU
		{BF480322-1C8F-41B7-B36B-FB437671B6EE}.Debug|Any CPU.ActiveCfg = Debug|Any CPU
		{BF480322-1C8F-41B7-B36B-FB437671B6EE}.Debug|Any CPU.Build.0 = Debug|Any CPU
		{BF480322-1C8F-41B7-B36B-FB437671B6EE}.Release|Any CPU.ActiveCfg = Release|Any CPU
		{BF480322-1C8F-41B7-B36B-FB437671B6EE}.Release|Any CPU.Build.0 = Release|Any CPU
		{6C348456-E293-4932-86B4-F52BFD09919B}.Debug|Any CPU.ActiveCfg = Debug|Any CPU
		{6C348456-E293-4932-86B4-F52BFD09919B}.Debug|Any CPU.Build.0 = Debug|Any CPU
		{6C348456-E293-4932-86B4-F52BFD09919B}.Release|Any CPU.ActiveCfg = Release|Any CPU
		{6C348456-E293-4932-86B4-F52BFD09919B}.Release|Any CPU.Build.0 = Release|Any CPU
		{1B51CC86-035B-4311-965A-60A4CF3F6482}.Debug|Any CPU.ActiveCfg = Debug|Any CPU
		{1B51CC86-035B-4311-965A-60A4CF3F6482}.Debug|Any CPU.Build.0 = Debug|Any CPU
		{1B51CC86-035B-4311-965A-60A4CF3F6482}.Release|Any CPU.ActiveCfg = Release|Any CPU
		{1B51CC86-035B-4311-965A-60A4CF3F6482}.Release|Any CPU.Build.0 = Release|Any CPU
		{0D4DB91F-BE1D-4AE5-AE5B-AE3503B62D34}.Debug|Any CPU.ActiveCfg = Debug|Any CPU
		{0D4DB91F-BE1D-4AE5-AE5B-AE3503B62D34}.Debug|Any CPU.Build.0 = Debug|Any CPU
		{0D4DB91F-BE1D-4AE5-AE5B-AE3503B62D34}.Release|Any CPU.ActiveCfg = Release|Any CPU
		{0D4DB91F-BE1D-4AE5-AE5B-AE3503B62D34}.Release|Any CPU.Build.0 = Release|Any CPU
		{4B9368AA-4CB3-4736-9D49-770CBF4C888A}.Debug|Any CPU.ActiveCfg = Debug|Any CPU
		{4B9368AA-4CB3-4736-9D49-770CBF4C888A}.Debug|Any CPU.Build.0 = Debug|Any CPU
		{4B9368AA-4CB3-4736-9D49-770CBF4C888A}.Release|Any CPU.ActiveCfg = Release|Any CPU
		{4B9368AA-4CB3-4736-9D49-770CBF4C888A}.Release|Any CPU.Build.0 = Release|Any CPU
		{F683C513-791A-4BB9-BD41-30A2FAAA6CD6}.Debug|Any CPU.ActiveCfg = Debug|Any CPU
		{F683C513-791A-4BB9-BD41-30A2FAAA6CD6}.Debug|Any CPU.Build.0 = Debug|Any CPU
		{F683C513-791A-4BB9-BD41-30A2FAAA6CD6}.Release|Any CPU.ActiveCfg = Release|Any CPU
		{F683C513-791A-4BB9-BD41-30A2FAAA6CD6}.Release|Any CPU.Build.0 = Release|Any CPU
		{E7339D40-ED9F-461D-893E-CCE885843458}.Debug|Any CPU.ActiveCfg = Debug|Any CPU
		{E7339D40-ED9F-461D-893E-CCE885843458}.Debug|Any CPU.Build.0 = Debug|Any CPU
		{E7339D40-ED9F-461D-893E-CCE885843458}.Release|Any CPU.ActiveCfg = Release|Any CPU
		{E7339D40-ED9F-461D-893E-CCE885843458}.Release|Any CPU.Build.0 = Release|Any CPU
		{1F29A3C3-2955-4891-865B-5C702264E4E4}.Debug|Any CPU.ActiveCfg = Debug|Any CPU
		{1F29A3C3-2955-4891-865B-5C702264E4E4}.Debug|Any CPU.Build.0 = Debug|Any CPU
		{1F29A3C3-2955-4891-865B-5C702264E4E4}.Release|Any CPU.ActiveCfg = Release|Any CPU
		{1F29A3C3-2955-4891-865B-5C702264E4E4}.Release|Any CPU.Build.0 = Release|Any CPU
		{74A83C2B-8ACD-4520-ABDC-147FCC037E10}.Debug|Any CPU.ActiveCfg = Debug|Any CPU
		{74A83C2B-8ACD-4520-ABDC-147FCC037E10}.Debug|Any CPU.Build.0 = Debug|Any CPU
		{74A83C2B-8ACD-4520-ABDC-147FCC037E10}.Release|Any CPU.ActiveCfg = Release|Any CPU
		{74A83C2B-8ACD-4520-ABDC-147FCC037E10}.Release|Any CPU.Build.0 = Release|Any CPU
		{EC89EFC8-661B-4E1E-97C0-60F769A86DB6}.Debug|Any CPU.ActiveCfg = Debug|Any CPU
		{EC89EFC8-661B-4E1E-97C0-60F769A86DB6}.Debug|Any CPU.Build.0 = Debug|Any CPU
		{EC89EFC8-661B-4E1E-97C0-60F769A86DB6}.Release|Any CPU.ActiveCfg = Release|Any CPU
		{EC89EFC8-661B-4E1E-97C0-60F769A86DB6}.Release|Any CPU.Build.0 = Release|Any CPU
		{9BC88FBF-8A8A-4EF1-B270-A74F01F4E008}.Debug|Any CPU.ActiveCfg = Debug|Any CPU
		{9BC88FBF-8A8A-4EF1-B270-A74F01F4E008}.Debug|Any CPU.Build.0 = Debug|Any CPU
		{9BC88FBF-8A8A-4EF1-B270-A74F01F4E008}.Release|Any CPU.ActiveCfg = Release|Any CPU
		{9BC88FBF-8A8A-4EF1-B270-A74F01F4E008}.Release|Any CPU.Build.0 = Release|Any CPU
		{6B331CF8-F733-459C-803C-52A0284DC15A}.Debug|Any CPU.ActiveCfg = Debug|Any CPU
		{6B331CF8-F733-459C-803C-52A0284DC15A}.Debug|Any CPU.Build.0 = Debug|Any CPU
		{6B331CF8-F733-459C-803C-52A0284DC15A}.Release|Any CPU.ActiveCfg = Release|Any CPU
		{6B331CF8-F733-459C-803C-52A0284DC15A}.Release|Any CPU.Build.0 = Release|Any CPU
		{A1EF7243-33CE-4DDE-ACB3-9058FF62F008}.Debug|Any CPU.ActiveCfg = Debug|Any CPU
		{A1EF7243-33CE-4DDE-ACB3-9058FF62F008}.Debug|Any CPU.Build.0 = Debug|Any CPU
		{A1EF7243-33CE-4DDE-ACB3-9058FF62F008}.Release|Any CPU.ActiveCfg = Release|Any CPU
		{A1EF7243-33CE-4DDE-ACB3-9058FF62F008}.Release|Any CPU.Build.0 = Release|Any CPU
		{88774392-2815-4BCC-A500-847FF4DF9210}.Debug|Any CPU.ActiveCfg = Debug|Any CPU
		{88774392-2815-4BCC-A500-847FF4DF9210}.Debug|Any CPU.Build.0 = Debug|Any CPU
		{88774392-2815-4BCC-A500-847FF4DF9210}.Release|Any CPU.ActiveCfg = Release|Any CPU
		{88774392-2815-4BCC-A500-847FF4DF9210}.Release|Any CPU.Build.0 = Release|Any CPU
		{FCE292D3-3B18-4D2F-BEF8-6251D85D9898}.Debug|Any CPU.ActiveCfg = Debug|Any CPU
		{FCE292D3-3B18-4D2F-BEF8-6251D85D9898}.Debug|Any CPU.Build.0 = Debug|Any CPU
		{FCE292D3-3B18-4D2F-BEF8-6251D85D9898}.Release|Any CPU.ActiveCfg = Release|Any CPU
		{FCE292D3-3B18-4D2F-BEF8-6251D85D9898}.Release|Any CPU.Build.0 = Release|Any CPU
		{BB5C600A-B177-4C86-BCA4-EF703FD78F5E}.Debug|Any CPU.ActiveCfg = Debug|Any CPU
		{BB5C600A-B177-4C86-BCA4-EF703FD78F5E}.Debug|Any CPU.Build.0 = Debug|Any CPU
		{BB5C600A-B177-4C86-BCA4-EF703FD78F5E}.Release|Any CPU.ActiveCfg = Release|Any CPU
		{BB5C600A-B177-4C86-BCA4-EF703FD78F5E}.Release|Any CPU.Build.0 = Release|Any CPU
		{261E8F5C-EDEE-4F52-8C18-FA83DECAECD4}.Debug|Any CPU.ActiveCfg = Debug|Any CPU
		{261E8F5C-EDEE-4F52-8C18-FA83DECAECD4}.Debug|Any CPU.Build.0 = Debug|Any CPU
		{261E8F5C-EDEE-4F52-8C18-FA83DECAECD4}.Release|Any CPU.ActiveCfg = Release|Any CPU
		{261E8F5C-EDEE-4F52-8C18-FA83DECAECD4}.Release|Any CPU.Build.0 = Release|Any CPU
		{D6B2D83A-F5F7-4EA3-9C19-88327AD13FB4}.Debug|Any CPU.ActiveCfg = Debug|Any CPU
		{D6B2D83A-F5F7-4EA3-9C19-88327AD13FB4}.Debug|Any CPU.Build.0 = Debug|Any CPU
		{D6B2D83A-F5F7-4EA3-9C19-88327AD13FB4}.Release|Any CPU.ActiveCfg = Release|Any CPU
		{D6B2D83A-F5F7-4EA3-9C19-88327AD13FB4}.Release|Any CPU.Build.0 = Release|Any CPU
		{6F89FAD9-D958-45F7-AB69-8FCBB96DE60F}.Debug|Any CPU.ActiveCfg = Debug|Any CPU
		{6F89FAD9-D958-45F7-AB69-8FCBB96DE60F}.Debug|Any CPU.Build.0 = Debug|Any CPU
		{6F89FAD9-D958-45F7-AB69-8FCBB96DE60F}.Release|Any CPU.ActiveCfg = Release|Any CPU
		{6F89FAD9-D958-45F7-AB69-8FCBB96DE60F}.Release|Any CPU.Build.0 = Release|Any CPU
		{07877AA7-40F3-455A-95AF-A7C19AB281BA}.Debug|Any CPU.ActiveCfg = Debug|Any CPU
		{07877AA7-40F3-455A-95AF-A7C19AB281BA}.Debug|Any CPU.Build.0 = Debug|Any CPU
		{07877AA7-40F3-455A-95AF-A7C19AB281BA}.Release|Any CPU.ActiveCfg = Release|Any CPU
		{07877AA7-40F3-455A-95AF-A7C19AB281BA}.Release|Any CPU.Build.0 = Release|Any CPU
		{311542B3-1A4E-419C-89A2-91747FF01424}.Debug|Any CPU.ActiveCfg = Debug|Any CPU
		{311542B3-1A4E-419C-89A2-91747FF01424}.Debug|Any CPU.Build.0 = Debug|Any CPU
		{311542B3-1A4E-419C-89A2-91747FF01424}.Release|Any CPU.ActiveCfg = Release|Any CPU
		{311542B3-1A4E-419C-89A2-91747FF01424}.Release|Any CPU.Build.0 = Release|Any CPU
		{A38A536E-089A-4092-AF33-7A90BA044AD8}.Debug|Any CPU.ActiveCfg = Debug|Any CPU
		{A38A536E-089A-4092-AF33-7A90BA044AD8}.Debug|Any CPU.Build.0 = Debug|Any CPU
		{A38A536E-089A-4092-AF33-7A90BA044AD8}.Release|Any CPU.ActiveCfg = Release|Any CPU
		{A38A536E-089A-4092-AF33-7A90BA044AD8}.Release|Any CPU.Build.0 = Release|Any CPU
	EndGlobalSection
	GlobalSection(SolutionProperties) = preSolution
		HideSolutionNode = FALSE
	EndGlobalSection
	GlobalSection(NestedProjects) = preSolution
		{034E3C60-D610-4538-9888-0747D4D157AE} = {44F368FD-498F-4272-8753-9F68A432DD57}
		{D9E443D3-51E1-44DA-9B56-67B62A0D861C} = {44F368FD-498F-4272-8753-9F68A432DD57}
		{119785F0-872C-4532-ABC0-68F3CEBBB842} = {44F368FD-498F-4272-8753-9F68A432DD57}
		{A34780FD-E416-4ADB-B6CB-4EC2D6D7BCED} = {44F368FD-498F-4272-8753-9F68A432DD57}
		{0D4BD3DA-D103-4783-A8F8-FF8F53B6A64B} = {44F368FD-498F-4272-8753-9F68A432DD57}
		{C8D81D89-1E07-495A-87AC-92FA4FE52560} = {44F368FD-498F-4272-8753-9F68A432DD57}
		{06ADBC4D-82AC-461C-9146-851EB2317709} = {316CA5CB-0A58-4F73-8760-3B1C5248A179}
		{15C305E6-57AA-46D6-8342-438A8BD97ECB} = {316CA5CB-0A58-4F73-8760-3B1C5248A179}
		{DC8CADF0-DFCC-42FE-8D07-454F98267CE2} = {316CA5CB-0A58-4F73-8760-3B1C5248A179}
		{BB79C3DF-7B56-47DA-A129-CFAE811ED501} = {316CA5CB-0A58-4F73-8760-3B1C5248A179}
		{6E5487E9-E5D6-4911-94B6-67B662F721B7} = {316CA5CB-0A58-4F73-8760-3B1C5248A179}
		{0C6BA5C5-1FF4-449E-BBE0-F4B6862E45D4} = {316CA5CB-0A58-4F73-8760-3B1C5248A179}
		{0C3961A2-6590-4B55-AD71-FD5A9787DA22} = {316CA5CB-0A58-4F73-8760-3B1C5248A179}
		{C4FC875A-9B60-4B12-984A-69C2E162A5AB} = {316CA5CB-0A58-4F73-8760-3B1C5248A179}
		{6417932D-EA76-40C4-BA0F-A4E52C2A28C0} = {316CA5CB-0A58-4F73-8760-3B1C5248A179}
		{0751F521-6034-4B58-B0AD-5FED500EBC08} = {316CA5CB-0A58-4F73-8760-3B1C5248A179}
		{356EED48-A2FF-4FFE-99D5-2080F98CF190} = {316CA5CB-0A58-4F73-8760-3B1C5248A179}
		{F417CCC3-60F5-4858-9641-F21C7D131DDB} = {316CA5CB-0A58-4F73-8760-3B1C5248A179}
		{13BC05A3-B3D0-4B32-B165-8D805B697B83} = {316CA5CB-0A58-4F73-8760-3B1C5248A179}
		{FE2E3BDC-1C42-49A1-8C0A-C2863E94A25F} = {2F22F5A1-9283-42FD-8F7E-F5802686C7CC}
		{256D8E2F-33A6-43AE-927B-955734DB2905} = {2F22F5A1-9283-42FD-8F7E-F5802686C7CC}
		{2949966C-2143-4207-B42D-6404484913D3} = {2F22F5A1-9283-42FD-8F7E-F5802686C7CC}
		{FB8584A3-DD26-4043-89BD-919AB1C83802} = {2F22F5A1-9283-42FD-8F7E-F5802686C7CC}
		{0D722DEE-DA92-40F1-8F08-5178C99F0998} = {2F22F5A1-9283-42FD-8F7E-F5802686C7CC}
		{0048B1F1-19AD-40AF-A54F-2940718FA460} = {2F22F5A1-9283-42FD-8F7E-F5802686C7CC}
		{B113BC6B-5345-4E22-B124-802DE9528F7D} = {2F22F5A1-9283-42FD-8F7E-F5802686C7CC}
		{516AD1DA-7D74-479F-B620-9BD628B32898} = {2F22F5A1-9283-42FD-8F7E-F5802686C7CC}
		{6AEEEE82-A243-4BFE-96AB-7793C6D54B82} = {2F22F5A1-9283-42FD-8F7E-F5802686C7CC}
		{88CC5542-2038-46F4-9B98-88DCE399F345} = {2F22F5A1-9283-42FD-8F7E-F5802686C7CC}
		{BF480322-1C8F-41B7-B36B-FB437671B6EE} = {2F22F5A1-9283-42FD-8F7E-F5802686C7CC}
		{6C348456-E293-4932-86B4-F52BFD09919B} = {2F22F5A1-9283-42FD-8F7E-F5802686C7CC}
		{1B51CC86-035B-4311-965A-60A4CF3F6482} = {2F22F5A1-9283-42FD-8F7E-F5802686C7CC}
		{0D4DB91F-BE1D-4AE5-AE5B-AE3503B62D34} = {2F22F5A1-9283-42FD-8F7E-F5802686C7CC}
		{4B9368AA-4CB3-4736-9D49-770CBF4C888A} = {2F22F5A1-9283-42FD-8F7E-F5802686C7CC}
		{F683C513-791A-4BB9-BD41-30A2FAAA6CD6} = {2F22F5A1-9283-42FD-8F7E-F5802686C7CC}
		{E7339D40-ED9F-461D-893E-CCE885843458} = {7AED5485-0999-4AD4-9A5E-C17732F47B83}
		{1F29A3C3-2955-4891-865B-5C702264E4E4} = {7AED5485-0999-4AD4-9A5E-C17732F47B83}
		{74A83C2B-8ACD-4520-ABDC-147FCC037E10} = {7AED5485-0999-4AD4-9A5E-C17732F47B83}
		{EC89EFC8-661B-4E1E-97C0-60F769A86DB6} = {7AED5485-0999-4AD4-9A5E-C17732F47B83}
		{9BC88FBF-8A8A-4EF1-B270-A74F01F4E008} = {7AED5485-0999-4AD4-9A5E-C17732F47B83}
		{6B331CF8-F733-459C-803C-52A0284DC15A} = {7AED5485-0999-4AD4-9A5E-C17732F47B83}
		{A1EF7243-33CE-4DDE-ACB3-9058FF62F008} = {7AED5485-0999-4AD4-9A5E-C17732F47B83}
		{88774392-2815-4BCC-A500-847FF4DF9210} = {7AED5485-0999-4AD4-9A5E-C17732F47B83}
		{FCE292D3-3B18-4D2F-BEF8-6251D85D9898} = {7AED5485-0999-4AD4-9A5E-C17732F47B83}
		{BB5C600A-B177-4C86-BCA4-EF703FD78F5E} = {7AED5485-0999-4AD4-9A5E-C17732F47B83}
		{261E8F5C-EDEE-4F52-8C18-FA83DECAECD4} = {7AED5485-0999-4AD4-9A5E-C17732F47B83}
		{D6B2D83A-F5F7-4EA3-9C19-88327AD13FB4} = {7AED5485-0999-4AD4-9A5E-C17732F47B83}
		{6F89FAD9-D958-45F7-AB69-8FCBB96DE60F} = {86FB1FBF-BDBB-4274-B878-114035410594}
		{07877AA7-40F3-455A-95AF-A7C19AB281BA} = {86FB1FBF-BDBB-4274-B878-114035410594}
		{311542B3-1A4E-419C-89A2-91747FF01424} = {86FB1FBF-BDBB-4274-B878-114035410594}
		{A38A536E-089A-4092-AF33-7A90BA044AD8} = {86FB1FBF-BDBB-4274-B878-114035410594}
	EndGlobalSection
	GlobalSection(ExtensibilityGlobals) = postSolution
		SolutionGuid = {4A02B64A-EB33-4BDF-8203-FED1865F08F8}
	EndGlobalSection
EndGlobal
