
Microsoft Visual Studio Solution File, Format Version 12.00
# Visual Studio Version 17
VisualStudioVersion = 17.5.002.0
MinimumVisualStudioVersion = 10.0.40219.1
Project("{2150E333-8FDC-42A3-9474-1A3956D46DE8}") = "Chapter 1", "Chapter 1", "{44F368FD-498F-4272-8753-9F68A432DD57}"
EndProject
Project("{9A19103F-16F7-4668-BE54-9A1E7A4F7556}") = "Exercise6", "Chapter 1\Exercise6\Exercise6.csproj", "{034E3C60-D610-4538-9888-0747D4D157AE}"
EndProject
Project("{9A19103F-16F7-4668-BE54-9A1E7A4F7556}") = "Exercise7", "Chapter 1\Exercise7\Exercise7.csproj", "{D9E443D3-51E1-44DA-9B56-67B62A0D861C}"
EndProject
Project("{9A19103F-16F7-4668-BE54-9A1E7A4F7556}") = "Exercise8", "Chapter 1\Exercise8\Exercise8.csproj", "{119785F0-872C-4532-ABC0-68F3CEBBB842}"
EndProject
Project("{9A19103F-16F7-4668-BE54-9A1E7A4F7556}") = "Exercise9", "Chapter 1\Exercise9\Exercise9.csproj", "{A34780FD-E416-4ADB-B6CB-4EC2D6D7BCED}"
EndProject
Project("{9A19103F-16F7-4668-BE54-9A1E7A4F7556}") = "Exercise10", "Chapter 1\Exercise10\Exercise10.csproj", "{0D4BD3DA-D103-4783-A8F8-FF8F53B6A64B}"
EndProject
Project("{FAE04EC0-301F-11D3-BF4B-00C04F79EFBC}") = "Exercise11", "Chapter 1\Exercise11\Exercise11.csproj", "{C8D81D89-1E07-495A-87AC-92FA4FE52560}"
EndProject
Project("{2150E333-8FDC-42A3-9474-1A3956D46DE8}") = "Chapter 2", "Chapter 2", "{316CA5CB-0A58-4F73-8760-3B1C5248A179}"
EndProject
Project("{FAE04EC0-301F-11D3-BF4B-00C04F79EFBC}") = "Exercise1", "Chapter 2\Exercise1\Exercise1.csproj", "{06ADBC4D-82AC-461C-9146-851EB2317709}"
EndProject
Project("{FAE04EC0-301F-11D3-BF4B-00C04F79EFBC}") = "Exercise2", "Chapter 2\Exercise2\Exercise2.csproj", "{15C305E6-57AA-46D6-8342-438A8BD97ECB}"
EndProject
Project("{FAE04EC0-301F-11D3-BF4B-00C04F79EFBC}") = "Exercise3", "Chapter 2\Exercise3\Exercise3.csproj", "{DC8CADF0-DFCC-42FE-8D07-454F98267CE2}"
EndProject
Project("{FAE04EC0-301F-11D3-BF4B-00C04F79EFBC}") = "Exercise4", "Chapter 2\Exercise4\Exercise4.csproj", "{BB79C3DF-7B56-47DA-A129-CFAE811ED501}"
EndProject
Project("{FAE04EC0-301F-11D3-BF4B-00C04F79EFBC}") = "Exercise5", "Chapter 2\Exercise5\Exercise5.csproj", "{6E5487E9-E5D6-4911-94B6-67B662F721B7}"
EndProject
Project("{FAE04EC0-301F-11D3-BF4B-00C04F79EFBC}") = "Exercise6", "Chapter 2\Exercise6\Exercise6.csproj", "{0C6BA5C5-1FF4-449E-BBE0-F4B6862E45D4}"
EndProject
Project("{FAE04EC0-301F-11D3-BF4B-00C04F79EFBC}") = "Exercise7", "Chapter 2\Exercise7\Exercise7.csproj", "{0C3961A2-6590-4B55-AD71-FD5A9787DA22}"
EndProject
Project("{FAE04EC0-301F-11D3-BF4B-00C04F79EFBC}") = "Exercise8", "Chapter 2\Exercise8\Exercise8.csproj", "{C4FC875A-9B60-4B12-984A-69C2E162A5AB}"
EndProject
Project("{FAE04EC0-301F-11D3-BF4B-00C04F79EFBC}") = "Exercise9", "Chapter 2\Exercise9\Exercise9.csproj", "{6417932D-EA76-40C4-BA0F-A4E52C2A28C0}"
EndProject
Project("{FAE04EC0-301F-11D3-BF4B-00C04F79EFBC}") = "Exercise10", "Chapter 2\Exercise10\Exercise10.csproj", "{0751F521-6034-4B58-B0AD-5FED500EBC08}"
EndProject
Project("{FAE04EC0-301F-11D3-BF4B-00C04F79EFBC}") = "Exercise11", "Chapter 2\Exercise11\Exercise11.csproj", "{356EED48-A2FF-4FFE-99D5-2080F98CF190}"
EndProject
Project("{FAE04EC0-301F-11D3-BF4B-00C04F79EFBC}") = "Exercise12", "Chapter 2\Exercise12\Exercise12.csproj", "{F417CCC3-60F5-4858-9641-F21C7D131DDB}"
EndProject
Project("{FAE04EC0-301F-11D3-BF4B-00C04F79EFBC}") = "Exercise13", "Chapter 2\Exercise13\Exercise13.csproj", "{13BC05A3-B3D0-4B32-B165-8D805B697B83}"
EndProject
Project("{2150E333-8FDC-42A3-9474-1A3956D46DE8}") = "Chapter 3", "Chapter 3", "{2F22F5A1-9283-42FD-8F7E-F5802686C7CC}"
EndProject
Project("{FAE04EC0-301F-11D3-BF4B-00C04F79EFBC}") = "Exercise1", "Chapter 3\Exercise1\Exercise1.csproj", "{FE2E3BDC-1C42-49A1-8C0A-C2863E94A25F}"
EndProject
Project("{FAE04EC0-301F-11D3-BF4B-00C04F79EFBC}") = "Exercise2", "Chapter 3\Exercise2\Exercise2.csproj", "{256D8E2F-33A6-43AE-927B-955734DB2905}"
EndProject
Project("{FAE04EC0-301F-11D3-BF4B-00C04F79EFBC}") = "Exercise3", "Chapter 3\Exercise3\Exercise3.csproj", "{2949966C-2143-4207-B42D-6404484913D3}"
EndProject
Project("{FAE04EC0-301F-11D3-BF4B-00C04F79EFBC}") = "Exercise4", "Chapter 3\Exercise4\Exercise4.csproj", "{FB8584A3-DD26-4043-89BD-919AB1C83802}"
EndProject
Project("{FAE04EC0-301F-11D3-BF4B-00C04F79EFBC}") = "Exercise5", "Chapter 3\Exercise5\Exercise5.csproj", "{0D722DEE-DA92-40F1-8F08-5178C99F0998}"
EndProject
Project("{FAE04EC0-301F-11D3-BF4B-00C04F79EFBC}") = "Exercise6", "Chapter 3\Exercise6\Exercise6.csproj", "{0048B1F1-19AD-40AF-A54F-2940718FA460}"
EndProject
Project("{FAE04EC0-301F-11D3-BF4B-00C04F79EFBC}") = "Exercise8", "Chapter 3\Exercise8\Exercise8.csproj", "{B113BC6B-5345-4E22-B124-802DE9528F7D}"
EndProject
Project("{FAE04EC0-301F-11D3-BF4B-00C04F79EFBC}") = "Exercise7", "Chapter 3\Exercise7\Exercise7.csproj", "{516AD1DA-7D74-479F-B620-9BD628B32898}"
EndProject
Project("{FAE04EC0-301F-11D3-BF4B-00C04F79EFBC}") = "Exercise9", "Chapter 3\Exercise9\Exercise9.csproj", "{6AEEEE82-A243-4BFE-96AB-7793C6D54B82}"
EndProject
Project("{FAE04EC0-301F-11D3-BF4B-00C04F79EFBC}") = "Exercise10", "Chapter 3\Exercise10\Exercise10.csproj", "{88CC5542-2038-46F4-9B98-88DCE399F345}"
EndProject
Project("{FAE04EC0-301F-11D3-BF4B-00C04F79EFBC}") = "Exercise11", "Chapter 3\Exercise11\Exercise11.csproj", "{BF480322-1C8F-41B7-B36B-FB437671B6EE}"
EndProject
Project("{FAE04EC0-301F-11D3-BF4B-00C04F79EFBC}") = "Exercise12", "Chapter 3\Exercise12\Exercise12.csproj", "{6C348456-E293-4932-86B4-F52BFD09919B}"
EndProject
Project("{FAE04EC0-301F-11D3-BF4B-00C04F79EFBC}") = "Exercise13", "Chapter 3\Exercise13\Exercise13.csproj", "{1B51CC86-035B-4311-965A-60A4CF3F6482}"
EndProject
Project("{FAE04EC0-301F-11D3-BF4B-00C04F79EFBC}") = "Exercise14", "Chapter 3\Exercise14\Exercise14.csproj", "{0D4DB91F-BE1D-4AE5-AE5B-AE3503B62D34}"
EndProject
Project("{FAE04EC0-301F-11D3-BF4B-00C04F79EFBC}") = "Exercise15", "Chapter 3\Exercise15\Exercise15.csproj", "{4B9368AA-4CB3-4736-9D49-770CBF4C888A}"
EndProject
Project("{FAE04EC0-301F-11D3-BF4B-00C04F79EFBC}") = "Exercise16", "Chapter 3\Exercise16\Exercise16.csproj", "{F683C513-791A-4BB9-BD41-30A2FAAA6CD6}"
EndProject
Project("{2150E333-8FDC-42A3-9474-1A3956D46DE8}") = "Chapter 4", "Chapter 4", "{7AED5485-0999-4AD4-9A5E-C17732F47B83}"
EndProject
Project("{FAE04EC0-301F-11D3-BF4B-00C04F79EFBC}") = "1. Sum3Numbers", "Chapter 4\1. Sum3Numbers\1. Sum3Numbers.csproj", "{E7339D40-ED9F-461D-893E-CCE885843458}"
EndProject
Project("{FAE04EC0-301F-11D3-BF4B-00C04F79EFBC}") = "2. CIrclePArea", "Chapter 4\2. CIrclePArea\2. CIrclePArea.csproj", "{1F29A3C3-2955-4891-865B-5C702264E4E4}"
EndProject
Project("{FAE04EC0-301F-11D3-BF4B-00C04F79EFBC}") = "3. CompanyInfo", "Chapter 4\3. CompanyInfo\3. CompanyInfo.csproj", "{74A83C2B-8ACD-4520-ABDC-147FCC037E10}"
EndProject
Project("{FAE04EC0-301F-11D3-BF4B-00C04F79EFBC}") = "4. ThreeColumns", "Chapter 4\4. ThreeColumns\4. ThreeColumns.csproj", "{EC89EFC8-661B-4E1E-97C0-60F769A86DB6}"
EndProject
Project("{FAE04EC0-301F-11D3-BF4B-00C04F79EFBC}") = "5. BetweenThem", "Chapter 4\5. BetweenThem\5. BetweenThem.csproj", "{9BC88FBF-8A8A-4EF1-B270-A74F01F4E008}"
EndProject
Project("{FAE04EC0-301F-11D3-BF4B-00C04F79EFBC}") = "6. PrintGreater", "Chapter 4\6. PrintGreater\6. PrintGreater.csproj", "{6B331CF8-F733-459C-803C-52A0284DC15A}"
EndProject
Project("{FAE04EC0-301F-11D3-BF4B-00C04F79EFBC}") = "7. Sum5Integers", "Chapter 4\7. Sum5Integers\7. Sum5Integers.csproj", "{A1EF7243-33CE-4DDE-ACB3-9058FF62F008}"
EndProject
Project("{FAE04EC0-301F-11D3-BF4B-00C04F79EFBC}") = "8. GreatestOfFive", "Chapter 4\8. GreatestOfFive\8. GreatestOfFive.csproj", "{88774392-2815-4BCC-A500-847FF4DF9210}"
EndProject
Project("{FAE04EC0-301F-11D3-BF4B-00C04F79EFBC}") = "9. SumNNumbers", "Chapter 4\9. SumNNumbers\9. SumNNumbers.csproj", "{FCE292D3-3B18-4D2F-BEF8-6251D85D9898}"
EndProject
Project("{FAE04EC0-301F-11D3-BF4B-00C04F79EFBC}") = "10. InTheRange", "Chapter 4\10. InTheRange\10. InTheRange.csproj", "{BB5C600A-B177-4C86-BCA4-EF703FD78F5E}"
EndProject
Project("{FAE04EC0-301F-11D3-BF4B-00C04F79EFBC}") = "11. Fibonacci100", "Chapter 4\11. Fibonacci100\11. Fibonacci100.csproj", "{261E8F5C-EDEE-4F52-8C18-FA83DECAECD4}"
EndProject
Project("{FAE04EC0-301F-11D3-BF4B-00C04F79EFBC}") = "12. SequenceSum", "Chapter 4\12. SequenceSum\12. SequenceSum.csproj", "{D6B2D83A-F5F7-4EA3-9C19-88327AD13FB4}"
EndProject
Project("{2150E333-8FDC-42A3-9474-1A3956D46DE8}") = "Chapter 5", "Chapter 5", "{86FB1FBF-BDBB-4274-B878-114035410594}"
EndProject
Project("{FAE04EC0-301F-11D3-BF4B-00C04F79EFBC}") = "1. ExchangeIfGreater", "Chapter 5\1. ExchangeIfGreater\1. ExchangeIfGreater.csproj", "{6F89FAD9-D958-45F7-AB69-8FCBB96DE60F}"
EndProject
Project("{FAE04EC0-301F-11D3-BF4B-00C04F79EFBC}") = "2. ShowSign", "Chapter 5\2. ShowSign\2. ShowSign.csproj", "{07877AA7-40F3-455A-95AF-A7C19AB281BA}"
EndProject
Project("{FAE04EC0-301F-11D3-BF4B-00C04F79EFBC}") = "4. Sort3Numbers", "Chapter 5\4. Sort3Numbers\4. Sort3Numbers.csproj", "{311542B3-1A4E-419C-89A2-91747FF01424}"
EndProject
Project("{FAE04EC0-301F-11D3-BF4B-00C04F79EFBC}") = "5. DigitToWord", "Chapter 5\5. DigitToWord\5. DigitToWord.csproj", "{A38A536E-089A-4092-AF33-7A90BA044AD8}"
EndProject
Project("{FAE04EC0-301F-11D3-BF4B-00C04F79EFBC}") = "3. BiggestOf3", "Chapter 5\3. BiggestOf3\3. BiggestOf3.csproj", "{B7551187-D5C5-40D6-B947-AD35E4E44EA5}"
EndProject
Project("{FAE04EC0-301F-11D3-BF4B-00C04F79EFBC}") = "6. QuadraticEquation", "Chapter 5\6. QuadraticEquation\6. QuadraticEquation.csproj", "{5340E6F2-659C-4D88-ADD9-6E22DFE67A23}"
EndProject
Project("{FAE04EC0-301F-11D3-BF4B-00C04F79EFBC}") = "7. BiggestOf5", "Chapter 5\7. BiggestOf5\7. BiggestOf5.csproj", "{5CF2F41F-2064-446C-A949-93EE5495E8E2}"
EndProject
Project("{FAE04EC0-301F-11D3-BF4B-00C04F79EFBC}") = "8. UsersChoice", "Chapter 5\8. UsersChoice\8. UsersChoice.csproj", "{AA7EA695-EA14-4047-8329-57E9259C4F40}"
EndProject
Project("{FAE04EC0-301F-11D3-BF4B-00C04F79EFBC}") = "9. SubsetsSum", "Chapter 5\9. SubsetsSum\9. SubsetsSum.csproj", "{100F39CC-9CD0-4538-9DEF-9AE5DBA7E772}"
EndProject
Project("{FAE04EC0-301F-11D3-BF4B-00C04F79EFBC}") = "10. BonusPoints", "Chapter 5\10. BonusPoints\10. BonusPoints.csproj", "{6E52FEC1-1498-4D2C-B413-CA6CC90AB44B}"
EndProject
Project("{FAE04EC0-301F-11D3-BF4B-00C04F79EFBC}") = "11. ConvertToWords", "Chapter 5\11. ConvertToWords\11. ConvertToWords.csproj", "{E725CBA2-EE55-4A45-BFAD-E119EA0C691C}"
EndProject
Project("{2150E333-8FDC-42A3-9474-1A3956D46DE8}") = "Chapter 6", "Chapter 6", "{9619355E-3F8F-479A-B5AC-07FBFEC67E97}"
EndProject
Project("{FAE04EC0-301F-11D3-BF4B-00C04F79EFBC}") = "1. Print1ToN", "Chapter 6\1. Print1ToN\1. Print1ToN.csproj", "{82E1BC1C-77D7-49DD-9387-93C02216CF83}"
EndProject
Project("{FAE04EC0-301F-11D3-BF4B-00C04F79EFBC}") = "2. 3&7Divisible", "Chapter 6\2. 3&7Divisible\2. 3&7Divisible.csproj", "{E1F2779D-F08F-4019-90A4-483FE0BE9804}"
EndProject
Project("{FAE04EC0-301F-11D3-BF4B-00C04F79EFBC}") = "3. Smallest&Largest", "Chapter 6\3. Smallest&Largest\3. Smallest&Largest.csproj", "{44054F65-0283-47A2-BE02-42E7079D2BFE}"
EndProject
Project("{FAE04EC0-301F-11D3-BF4B-00C04F79EFBC}") = "4. PrintCards", "Chapter 6\4. PrintCards\4. PrintCards.csproj", "{CE253325-ABAD-48C1-BACE-95FD816FAA7F}"
EndProject
Project("{FAE04EC0-301F-11D3-BF4B-00C04F79EFBC}") = "5. Fibonacci", "Chapter 6\5. Fibonacci\5. Fibonacci.csproj", "{520CBAB6-5521-4B78-8DF7-7CAC0453BB0A}"
EndProject
Project("{FAE04EC0-301F-11D3-BF4B-00C04F79EFBC}") = "6. FactorialDivision", "Chapter 6\6. FactorialDivision\6. FactorialDivision.csproj", "{74225453-3580-4845-89B3-EE62A2A91694}"
EndProject
Project("{FAE04EC0-301F-11D3-BF4B-00C04F79EFBC}") = "7. FactorialDivision", "Chapter 6\7. FactorialDivision\7. FactorialDivision.csproj", "{AD08C370-26CC-4D72-9533-067C311ECDC7}"
EndProject
Project("{FAE04EC0-301F-11D3-BF4B-00C04F79EFBC}") = "8. CatalanNumber", "Chapter 6\8. CatalanNumber\8. CatalanNumber.csproj", "{43DC03F0-01B0-4231-A0E6-EE2DADF925AC}"
EndProject
Project("{FAE04EC0-301F-11D3-BF4B-00C04F79EFBC}") = "9. SumSequence", "Chapter 6\9. SumSequence\9. SumSequence.csproj", "{76F150D5-089A-4670-B2F8-DF75EB1F0A7B}"
EndProject
Project("{FAE04EC0-301F-11D3-BF4B-00C04F79EFBC}") = "10. PrintMatrix", "Chapter 6\10. PrintMatrix\10. PrintMatrix.csproj", "{9369FD01-C42A-4D60-B4F8-DA75EB43FD56}"
EndProject
Project("{FAE04EC0-301F-11D3-BF4B-00C04F79EFBC}") = "11. HowManyZeros", "Chapter 6\11. HowManyZeros\11. HowManyZeros.csproj", "{005D8122-B4C5-4689-A46F-EE41F0870455}"
EndProject
Project("{FAE04EC0-301F-11D3-BF4B-00C04F79EFBC}") = "12. DecimalToBinary", "Chapter 6\12. DecimalToBinary\12. DecimalToBinary.csproj", "{C0761687-2585-4495-B3EA-3FFEB62D09A7}"
EndProject
Project("{FAE04EC0-301F-11D3-BF4B-00C04F79EFBC}") = "13. BinaryToDecimal", "Chapter 6\13. BinaryToDecimal\13. BinaryToDecimal.csproj", "{CA8DD256-387C-403B-AA28-4F305EF53424}"
EndProject
Project("{FAE04EC0-301F-11D3-BF4B-00C04F79EFBC}") = "14. DecimalToHexadecimal", "Chapter 6\14. DecimalToHexadecimal\14. DecimalToHexadecimal.csproj", "{8F4A4C23-C7D3-4046-A649-2E17381B0764}"
EndProject
Project("{FAE04EC0-301F-11D3-BF4B-00C04F79EFBC}") = "15. HexadecimalToDecimal", "Chapter 6\15. HexadecimalToDecimal\15. HexadecimalToDecimal.csproj", "{4D26AE63-A167-4F27-9671-9D38EC7523CC}"
EndProject
Project("{FAE04EC0-301F-11D3-BF4B-00C04F79EFBC}") = "16. Random1ToN", "Chapter 6\16. Random1ToN\16. Random1ToN.csproj", "{4DC88B80-D92C-4772-B8C4-8E6B8A1801DB}"
EndProject
Project("{FAE04EC0-301F-11D3-BF4B-00C04F79EFBC}") = "17. GCDandLCM", "Chapter 6\17. GCDandLCM\17. GCDandLCM.csproj", "{219ECCFB-5541-4868-BE65-D381C22F1D23}"
EndProject
Project("{FAE04EC0-301F-11D3-BF4B-00C04F79EFBC}") = "18. Spiral Matrix", "Chapter 6\18. Spiral Matrix\18. Spiral Matrix.csproj", "{7DF7DB4C-B3A1-4E52-934A-7FC272696A1E}"
EndProject
Project("{2150E333-8FDC-42A3-9474-1A3956D46DE8}") = "Chapter 7", "Chapter 7", "{C2DC2612-A944-496E-A760-372376DE3B83}"
EndProject
Project("{FAE04EC0-301F-11D3-BF4B-00C04F79EFBC}") = "1. TwentyElements", "Chapter 7\1. TwentyElements\1. TwentyElements.csproj", "{2ED87C17-1CB0-49F4-A40A-C67508529D7E}"
EndProject
Project("{FAE04EC0-301F-11D3-BF4B-00C04F79EFBC}") = "2. EqualArrays", "Chapter 7\2. EqualArrays\2. EqualArrays.csproj", "{C41A3BAF-7B59-4560-90F0-E1725B7D42DD}"
EndProject
Project("{FAE04EC0-301F-11D3-BF4B-00C04F79EFBC}") = "3. Lexicography", "Chapter 7\3. Lexicography\3. Lexicography.csproj", "{137B7437-3401-4188-ACC7-7D8218F4DA74}"
EndProject
Project("{FAE04EC0-301F-11D3-BF4B-00C04F79EFBC}") = "4. ConsecutiveEqual", "Chapter 7\4. ConsecutiveEqual\4. ConsecutiveEqual.csproj", "{E6D20D80-3610-4D40-90E4-5254087607AA}"
EndProject
Project("{FAE04EC0-301F-11D3-BF4B-00C04F79EFBC}") = "5. ConsecutiveIncreasing", "Chapter 7\5. ConsecutiveIncreasing\5. ConsecutiveIncreasing.csproj", "{CB404570-2F73-498E-A056-F1C901E96B31}"
EndProject
Project("{FAE04EC0-301F-11D3-BF4B-00C04F79EFBC}") = "6. IncreasingSequence", "Chapter 7\6. IncreasingSequence\6. IncreasingSequence.csproj", "{3ABBA123-B716-4D64-8DAF-D396FFF5FB91}"
EndProject
Project("{FAE04EC0-301F-11D3-BF4B-00C04F79EFBC}") = "8. ArraySort", "Chapter 7\8. ArraySort\8. ArraySort.csproj", "{00E88E83-3DBF-4208-8E87-51EE8BBBD2C8}"
EndProject
Project("{FAE04EC0-301F-11D3-BF4B-00C04F79EFBC}") = "10. MostFrequent", "Chapter 7\10. MostFrequent\10. MostFrequent.csproj", "{A6E2AA08-7A22-4D15-B902-BB06D740B3F4}"
EndProject
Project("{FAE04EC0-301F-11D3-BF4B-00C04F79EFBC}") = "11. CertainSum", "Chapter 7\11. CertainSum\11. CertainSum.csproj", "{E9DB5D6B-105F-410C-B7F6-546AA1744D26}"
EndProject
Project("{FAE04EC0-301F-11D3-BF4B-00C04F79EFBC}") = "12. SquareMatrices", "Chapter 7\12. SquareMatrices\12. SquareMatrices.csproj", "{2631B587-BC48-4420-AF07-B0BC2EF0241F}"
EndProject
Project("{FAE04EC0-301F-11D3-BF4B-00C04F79EFBC}") = "13. MaximalSum", "Chapter 7\13. MaximalSum\13. MaximalSum.csproj", "{9FFAC70F-4A86-47A5-8C73-AA707DAC4CFE}"
EndProject
Project("{FAE04EC0-301F-11D3-BF4B-00C04F79EFBC}") = "14. EqualStringSequence", "Chapter 7\14. EqualStringSequence\14. EqualStringSequence.csproj", "{0629047E-4157-47E8-AAB2-4D3F5C7EA833}"
EndProject
Project("{FAE04EC0-301F-11D3-BF4B-00C04F79EFBC}") = "15. LatinLetters", "Chapter 7\15. LatinLetters\15. LatinLetters.csproj", "{87048FBA-48A1-4A98-B6E5-A8A6A5D29137}"
EndProject
Project("{FAE04EC0-301F-11D3-BF4B-00C04F79EFBC}") = "16. BinarySearch", "Chapter 7\16. BinarySearch\16. BinarySearch.csproj", "{EB942DC3-7E25-4075-A54B-7924C466EB10}"
EndProject
Project("{FAE04EC0-301F-11D3-BF4B-00C04F79EFBC}") = "17. MergeSort", "Chapter 7\17. MergeSort\17. MergeSort.csproj", "{BED3FEF8-BEFE-4019-B997-357FBC2A34DB}"
EndProject
Global
	GlobalSection(SolutionConfigurationPlatforms) = preSolution
		Debug|Any CPU = Debug|Any CPU
		Release|Any CPU = Release|Any CPU
	EndGlobalSection
	GlobalSection(ProjectConfigurationPlatforms) = postSolution
		{034E3C60-D610-4538-9888-0747D4D157AE}.Debug|Any CPU.ActiveCfg = Debug|Any CPU
		{034E3C60-D610-4538-9888-0747D4D157AE}.Debug|Any CPU.Build.0 = Debug|Any CPU
		{034E3C60-D610-4538-9888-0747D4D157AE}.Release|Any CPU.ActiveCfg = Release|Any CPU
		{034E3C60-D610-4538-9888-0747D4D157AE}.Release|Any CPU.Build.0 = Release|Any CPU
		{D9E443D3-51E1-44DA-9B56-67B62A0D861C}.Debug|Any CPU.ActiveCfg = Debug|Any CPU
		{D9E443D3-51E1-44DA-9B56-67B62A0D861C}.Debug|Any CPU.Build.0 = Debug|Any CPU
		{D9E443D3-51E1-44DA-9B56-67B62A0D861C}.Release|Any CPU.ActiveCfg = Release|Any CPU
		{D9E443D3-51E1-44DA-9B56-67B62A0D861C}.Release|Any CPU.Build.0 = Release|Any CPU
		{119785F0-872C-4532-ABC0-68F3CEBBB842}.Debug|Any CPU.ActiveCfg = Debug|Any CPU
		{119785F0-872C-4532-ABC0-68F3CEBBB842}.Debug|Any CPU.Build.0 = Debug|Any CPU
		{119785F0-872C-4532-ABC0-68F3CEBBB842}.Release|Any CPU.ActiveCfg = Release|Any CPU
		{119785F0-872C-4532-ABC0-68F3CEBBB842}.Release|Any CPU.Build.0 = Release|Any CPU
		{A34780FD-E416-4ADB-B6CB-4EC2D6D7BCED}.Debug|Any CPU.ActiveCfg = Debug|Any CPU
		{A34780FD-E416-4ADB-B6CB-4EC2D6D7BCED}.Debug|Any CPU.Build.0 = Debug|Any CPU
		{A34780FD-E416-4ADB-B6CB-4EC2D6D7BCED}.Release|Any CPU.ActiveCfg = Release|Any CPU
		{A34780FD-E416-4ADB-B6CB-4EC2D6D7BCED}.Release|Any CPU.Build.0 = Release|Any CPU
		{0D4BD3DA-D103-4783-A8F8-FF8F53B6A64B}.Debug|Any CPU.ActiveCfg = Debug|Any CPU
		{0D4BD3DA-D103-4783-A8F8-FF8F53B6A64B}.Debug|Any CPU.Build.0 = Debug|Any CPU
		{0D4BD3DA-D103-4783-A8F8-FF8F53B6A64B}.Release|Any CPU.ActiveCfg = Release|Any CPU
		{0D4BD3DA-D103-4783-A8F8-FF8F53B6A64B}.Release|Any CPU.Build.0 = Release|Any CPU
		{C8D81D89-1E07-495A-87AC-92FA4FE52560}.Debug|Any CPU.ActiveCfg = Debug|Any CPU
		{C8D81D89-1E07-495A-87AC-92FA4FE52560}.Debug|Any CPU.Build.0 = Debug|Any CPU
		{C8D81D89-1E07-495A-87AC-92FA4FE52560}.Release|Any CPU.ActiveCfg = Release|Any CPU
		{C8D81D89-1E07-495A-87AC-92FA4FE52560}.Release|Any CPU.Build.0 = Release|Any CPU
		{06ADBC4D-82AC-461C-9146-851EB2317709}.Debug|Any CPU.ActiveCfg = Debug|Any CPU
		{06ADBC4D-82AC-461C-9146-851EB2317709}.Debug|Any CPU.Build.0 = Debug|Any CPU
		{06ADBC4D-82AC-461C-9146-851EB2317709}.Release|Any CPU.ActiveCfg = Release|Any CPU
		{06ADBC4D-82AC-461C-9146-851EB2317709}.Release|Any CPU.Build.0 = Release|Any CPU
		{15C305E6-57AA-46D6-8342-438A8BD97ECB}.Debug|Any CPU.ActiveCfg = Debug|Any CPU
		{15C305E6-57AA-46D6-8342-438A8BD97ECB}.Debug|Any CPU.Build.0 = Debug|Any CPU
		{15C305E6-57AA-46D6-8342-438A8BD97ECB}.Release|Any CPU.ActiveCfg = Release|Any CPU
		{15C305E6-57AA-46D6-8342-438A8BD97ECB}.Release|Any CPU.Build.0 = Release|Any CPU
		{DC8CADF0-DFCC-42FE-8D07-454F98267CE2}.Debug|Any CPU.ActiveCfg = Debug|Any CPU
		{DC8CADF0-DFCC-42FE-8D07-454F98267CE2}.Debug|Any CPU.Build.0 = Debug|Any CPU
		{DC8CADF0-DFCC-42FE-8D07-454F98267CE2}.Release|Any CPU.ActiveCfg = Release|Any CPU
		{DC8CADF0-DFCC-42FE-8D07-454F98267CE2}.Release|Any CPU.Build.0 = Release|Any CPU
		{BB79C3DF-7B56-47DA-A129-CFAE811ED501}.Debug|Any CPU.ActiveCfg = Debug|Any CPU
		{BB79C3DF-7B56-47DA-A129-CFAE811ED501}.Debug|Any CPU.Build.0 = Debug|Any CPU
		{BB79C3DF-7B56-47DA-A129-CFAE811ED501}.Release|Any CPU.ActiveCfg = Release|Any CPU
		{BB79C3DF-7B56-47DA-A129-CFAE811ED501}.Release|Any CPU.Build.0 = Release|Any CPU
		{6E5487E9-E5D6-4911-94B6-67B662F721B7}.Debug|Any CPU.ActiveCfg = Debug|Any CPU
		{6E5487E9-E5D6-4911-94B6-67B662F721B7}.Debug|Any CPU.Build.0 = Debug|Any CPU
		{6E5487E9-E5D6-4911-94B6-67B662F721B7}.Release|Any CPU.ActiveCfg = Release|Any CPU
		{6E5487E9-E5D6-4911-94B6-67B662F721B7}.Release|Any CPU.Build.0 = Release|Any CPU
		{0C6BA5C5-1FF4-449E-BBE0-F4B6862E45D4}.Debug|Any CPU.ActiveCfg = Debug|Any CPU
		{0C6BA5C5-1FF4-449E-BBE0-F4B6862E45D4}.Debug|Any CPU.Build.0 = Debug|Any CPU
		{0C6BA5C5-1FF4-449E-BBE0-F4B6862E45D4}.Release|Any CPU.ActiveCfg = Release|Any CPU
		{0C6BA5C5-1FF4-449E-BBE0-F4B6862E45D4}.Release|Any CPU.Build.0 = Release|Any CPU
		{0C3961A2-6590-4B55-AD71-FD5A9787DA22}.Debug|Any CPU.ActiveCfg = Debug|Any CPU
		{0C3961A2-6590-4B55-AD71-FD5A9787DA22}.Debug|Any CPU.Build.0 = Debug|Any CPU
		{0C3961A2-6590-4B55-AD71-FD5A9787DA22}.Release|Any CPU.ActiveCfg = Release|Any CPU
		{0C3961A2-6590-4B55-AD71-FD5A9787DA22}.Release|Any CPU.Build.0 = Release|Any CPU
		{C4FC875A-9B60-4B12-984A-69C2E162A5AB}.Debug|Any CPU.ActiveCfg = Debug|Any CPU
		{C4FC875A-9B60-4B12-984A-69C2E162A5AB}.Debug|Any CPU.Build.0 = Debug|Any CPU
		{C4FC875A-9B60-4B12-984A-69C2E162A5AB}.Release|Any CPU.ActiveCfg = Release|Any CPU
		{C4FC875A-9B60-4B12-984A-69C2E162A5AB}.Release|Any CPU.Build.0 = Release|Any CPU
		{6417932D-EA76-40C4-BA0F-A4E52C2A28C0}.Debug|Any CPU.ActiveCfg = Debug|Any CPU
		{6417932D-EA76-40C4-BA0F-A4E52C2A28C0}.Debug|Any CPU.Build.0 = Debug|Any CPU
		{6417932D-EA76-40C4-BA0F-A4E52C2A28C0}.Release|Any CPU.ActiveCfg = Release|Any CPU
		{6417932D-EA76-40C4-BA0F-A4E52C2A28C0}.Release|Any CPU.Build.0 = Release|Any CPU
		{0751F521-6034-4B58-B0AD-5FED500EBC08}.Debug|Any CPU.ActiveCfg = Debug|Any CPU
		{0751F521-6034-4B58-B0AD-5FED500EBC08}.Debug|Any CPU.Build.0 = Debug|Any CPU
		{0751F521-6034-4B58-B0AD-5FED500EBC08}.Release|Any CPU.ActiveCfg = Release|Any CPU
		{0751F521-6034-4B58-B0AD-5FED500EBC08}.Release|Any CPU.Build.0 = Release|Any CPU
		{356EED48-A2FF-4FFE-99D5-2080F98CF190}.Debug|Any CPU.ActiveCfg = Debug|Any CPU
		{356EED48-A2FF-4FFE-99D5-2080F98CF190}.Debug|Any CPU.Build.0 = Debug|Any CPU
		{356EED48-A2FF-4FFE-99D5-2080F98CF190}.Release|Any CPU.ActiveCfg = Release|Any CPU
		{356EED48-A2FF-4FFE-99D5-2080F98CF190}.Release|Any CPU.Build.0 = Release|Any CPU
		{F417CCC3-60F5-4858-9641-F21C7D131DDB}.Debug|Any CPU.ActiveCfg = Debug|Any CPU
		{F417CCC3-60F5-4858-9641-F21C7D131DDB}.Debug|Any CPU.Build.0 = Debug|Any CPU
		{F417CCC3-60F5-4858-9641-F21C7D131DDB}.Release|Any CPU.ActiveCfg = Release|Any CPU
		{F417CCC3-60F5-4858-9641-F21C7D131DDB}.Release|Any CPU.Build.0 = Release|Any CPU
		{13BC05A3-B3D0-4B32-B165-8D805B697B83}.Debug|Any CPU.ActiveCfg = Debug|Any CPU
		{13BC05A3-B3D0-4B32-B165-8D805B697B83}.Debug|Any CPU.Build.0 = Debug|Any CPU
		{13BC05A3-B3D0-4B32-B165-8D805B697B83}.Release|Any CPU.ActiveCfg = Release|Any CPU
		{13BC05A3-B3D0-4B32-B165-8D805B697B83}.Release|Any CPU.Build.0 = Release|Any CPU
		{FE2E3BDC-1C42-49A1-8C0A-C2863E94A25F}.Debug|Any CPU.ActiveCfg = Debug|Any CPU
		{FE2E3BDC-1C42-49A1-8C0A-C2863E94A25F}.Debug|Any CPU.Build.0 = Debug|Any CPU
		{FE2E3BDC-1C42-49A1-8C0A-C2863E94A25F}.Release|Any CPU.ActiveCfg = Release|Any CPU
		{FE2E3BDC-1C42-49A1-8C0A-C2863E94A25F}.Release|Any CPU.Build.0 = Release|Any CPU
		{256D8E2F-33A6-43AE-927B-955734DB2905}.Debug|Any CPU.ActiveCfg = Debug|Any CPU
		{256D8E2F-33A6-43AE-927B-955734DB2905}.Debug|Any CPU.Build.0 = Debug|Any CPU
		{256D8E2F-33A6-43AE-927B-955734DB2905}.Release|Any CPU.ActiveCfg = Release|Any CPU
		{256D8E2F-33A6-43AE-927B-955734DB2905}.Release|Any CPU.Build.0 = Release|Any CPU
		{2949966C-2143-4207-B42D-6404484913D3}.Debug|Any CPU.ActiveCfg = Debug|Any CPU
		{2949966C-2143-4207-B42D-6404484913D3}.Debug|Any CPU.Build.0 = Debug|Any CPU
		{2949966C-2143-4207-B42D-6404484913D3}.Release|Any CPU.ActiveCfg = Release|Any CPU
		{2949966C-2143-4207-B42D-6404484913D3}.Release|Any CPU.Build.0 = Release|Any CPU
		{FB8584A3-DD26-4043-89BD-919AB1C83802}.Debug|Any CPU.ActiveCfg = Debug|Any CPU
		{FB8584A3-DD26-4043-89BD-919AB1C83802}.Debug|Any CPU.Build.0 = Debug|Any CPU
		{FB8584A3-DD26-4043-89BD-919AB1C83802}.Release|Any CPU.ActiveCfg = Release|Any CPU
		{FB8584A3-DD26-4043-89BD-919AB1C83802}.Release|Any CPU.Build.0 = Release|Any CPU
		{0D722DEE-DA92-40F1-8F08-5178C99F0998}.Debug|Any CPU.ActiveCfg = Debug|Any CPU
		{0D722DEE-DA92-40F1-8F08-5178C99F0998}.Debug|Any CPU.Build.0 = Debug|Any CPU
		{0D722DEE-DA92-40F1-8F08-5178C99F0998}.Release|Any CPU.ActiveCfg = Release|Any CPU
		{0D722DEE-DA92-40F1-8F08-5178C99F0998}.Release|Any CPU.Build.0 = Release|Any CPU
		{0048B1F1-19AD-40AF-A54F-2940718FA460}.Debug|Any CPU.ActiveCfg = Debug|Any CPU
		{0048B1F1-19AD-40AF-A54F-2940718FA460}.Debug|Any CPU.Build.0 = Debug|Any CPU
		{0048B1F1-19AD-40AF-A54F-2940718FA460}.Release|Any CPU.ActiveCfg = Release|Any CPU
		{0048B1F1-19AD-40AF-A54F-2940718FA460}.Release|Any CPU.Build.0 = Release|Any CPU
		{B113BC6B-5345-4E22-B124-802DE9528F7D}.Debug|Any CPU.ActiveCfg = Debug|Any CPU
		{B113BC6B-5345-4E22-B124-802DE9528F7D}.Debug|Any CPU.Build.0 = Debug|Any CPU
		{B113BC6B-5345-4E22-B124-802DE9528F7D}.Release|Any CPU.ActiveCfg = Release|Any CPU
		{B113BC6B-5345-4E22-B124-802DE9528F7D}.Release|Any CPU.Build.0 = Release|Any CPU
		{516AD1DA-7D74-479F-B620-9BD628B32898}.Debug|Any CPU.ActiveCfg = Debug|Any CPU
		{516AD1DA-7D74-479F-B620-9BD628B32898}.Debug|Any CPU.Build.0 = Debug|Any CPU
		{516AD1DA-7D74-479F-B620-9BD628B32898}.Release|Any CPU.ActiveCfg = Release|Any CPU
		{516AD1DA-7D74-479F-B620-9BD628B32898}.Release|Any CPU.Build.0 = Release|Any CPU
		{6AEEEE82-A243-4BFE-96AB-7793C6D54B82}.Debug|Any CPU.ActiveCfg = Debug|Any CPU
		{6AEEEE82-A243-4BFE-96AB-7793C6D54B82}.Debug|Any CPU.Build.0 = Debug|Any CPU
		{6AEEEE82-A243-4BFE-96AB-7793C6D54B82}.Release|Any CPU.ActiveCfg = Release|Any CPU
		{6AEEEE82-A243-4BFE-96AB-7793C6D54B82}.Release|Any CPU.Build.0 = Release|Any CPU
		{88CC5542-2038-46F4-9B98-88DCE399F345}.Debug|Any CPU.ActiveCfg = Debug|Any CPU
		{88CC5542-2038-46F4-9B98-88DCE399F345}.Debug|Any CPU.Build.0 = Debug|Any CPU
		{88CC5542-2038-46F4-9B98-88DCE399F345}.Release|Any CPU.ActiveCfg = Release|Any CPU
		{88CC5542-2038-46F4-9B98-88DCE399F345}.Release|Any CPU.Build.0 = Release|Any CPU
		{BF480322-1C8F-41B7-B36B-FB437671B6EE}.Debug|Any CPU.ActiveCfg = Debug|Any CPU
		{BF480322-1C8F-41B7-B36B-FB437671B6EE}.Debug|Any CPU.Build.0 = Debug|Any CPU
		{BF480322-1C8F-41B7-B36B-FB437671B6EE}.Release|Any CPU.ActiveCfg = Release|Any CPU
		{BF480322-1C8F-41B7-B36B-FB437671B6EE}.Release|Any CPU.Build.0 = Release|Any CPU
		{6C348456-E293-4932-86B4-F52BFD09919B}.Debug|Any CPU.ActiveCfg = Debug|Any CPU
		{6C348456-E293-4932-86B4-F52BFD09919B}.Debug|Any CPU.Build.0 = Debug|Any CPU
		{6C348456-E293-4932-86B4-F52BFD09919B}.Release|Any CPU.ActiveCfg = Release|Any CPU
		{6C348456-E293-4932-86B4-F52BFD09919B}.Release|Any CPU.Build.0 = Release|Any CPU
		{1B51CC86-035B-4311-965A-60A4CF3F6482}.Debug|Any CPU.ActiveCfg = Debug|Any CPU
		{1B51CC86-035B-4311-965A-60A4CF3F6482}.Debug|Any CPU.Build.0 = Debug|Any CPU
		{1B51CC86-035B-4311-965A-60A4CF3F6482}.Release|Any CPU.ActiveCfg = Release|Any CPU
		{1B51CC86-035B-4311-965A-60A4CF3F6482}.Release|Any CPU.Build.0 = Release|Any CPU
		{0D4DB91F-BE1D-4AE5-AE5B-AE3503B62D34}.Debug|Any CPU.ActiveCfg = Debug|Any CPU
		{0D4DB91F-BE1D-4AE5-AE5B-AE3503B62D34}.Debug|Any CPU.Build.0 = Debug|Any CPU
		{0D4DB91F-BE1D-4AE5-AE5B-AE3503B62D34}.Release|Any CPU.ActiveCfg = Release|Any CPU
		{0D4DB91F-BE1D-4AE5-AE5B-AE3503B62D34}.Release|Any CPU.Build.0 = Release|Any CPU
		{4B9368AA-4CB3-4736-9D49-770CBF4C888A}.Debug|Any CPU.ActiveCfg = Debug|Any CPU
		{4B9368AA-4CB3-4736-9D49-770CBF4C888A}.Debug|Any CPU.Build.0 = Debug|Any CPU
		{4B9368AA-4CB3-4736-9D49-770CBF4C888A}.Release|Any CPU.ActiveCfg = Release|Any CPU
		{4B9368AA-4CB3-4736-9D49-770CBF4C888A}.Release|Any CPU.Build.0 = Release|Any CPU
		{F683C513-791A-4BB9-BD41-30A2FAAA6CD6}.Debug|Any CPU.ActiveCfg = Debug|Any CPU
		{F683C513-791A-4BB9-BD41-30A2FAAA6CD6}.Debug|Any CPU.Build.0 = Debug|Any CPU
		{F683C513-791A-4BB9-BD41-30A2FAAA6CD6}.Release|Any CPU.ActiveCfg = Release|Any CPU
		{F683C513-791A-4BB9-BD41-30A2FAAA6CD6}.Release|Any CPU.Build.0 = Release|Any CPU
		{E7339D40-ED9F-461D-893E-CCE885843458}.Debug|Any CPU.ActiveCfg = Debug|Any CPU
		{E7339D40-ED9F-461D-893E-CCE885843458}.Debug|Any CPU.Build.0 = Debug|Any CPU
		{E7339D40-ED9F-461D-893E-CCE885843458}.Release|Any CPU.ActiveCfg = Release|Any CPU
		{E7339D40-ED9F-461D-893E-CCE885843458}.Release|Any CPU.Build.0 = Release|Any CPU
		{1F29A3C3-2955-4891-865B-5C702264E4E4}.Debug|Any CPU.ActiveCfg = Debug|Any CPU
		{1F29A3C3-2955-4891-865B-5C702264E4E4}.Debug|Any CPU.Build.0 = Debug|Any CPU
		{1F29A3C3-2955-4891-865B-5C702264E4E4}.Release|Any CPU.ActiveCfg = Release|Any CPU
		{1F29A3C3-2955-4891-865B-5C702264E4E4}.Release|Any CPU.Build.0 = Release|Any CPU
		{74A83C2B-8ACD-4520-ABDC-147FCC037E10}.Debug|Any CPU.ActiveCfg = Debug|Any CPU
		{74A83C2B-8ACD-4520-ABDC-147FCC037E10}.Debug|Any CPU.Build.0 = Debug|Any CPU
		{74A83C2B-8ACD-4520-ABDC-147FCC037E10}.Release|Any CPU.ActiveCfg = Release|Any CPU
		{74A83C2B-8ACD-4520-ABDC-147FCC037E10}.Release|Any CPU.Build.0 = Release|Any CPU
		{EC89EFC8-661B-4E1E-97C0-60F769A86DB6}.Debug|Any CPU.ActiveCfg = Debug|Any CPU
		{EC89EFC8-661B-4E1E-97C0-60F769A86DB6}.Debug|Any CPU.Build.0 = Debug|Any CPU
		{EC89EFC8-661B-4E1E-97C0-60F769A86DB6}.Release|Any CPU.ActiveCfg = Release|Any CPU
		{EC89EFC8-661B-4E1E-97C0-60F769A86DB6}.Release|Any CPU.Build.0 = Release|Any CPU
		{9BC88FBF-8A8A-4EF1-B270-A74F01F4E008}.Debug|Any CPU.ActiveCfg = Debug|Any CPU
		{9BC88FBF-8A8A-4EF1-B270-A74F01F4E008}.Debug|Any CPU.Build.0 = Debug|Any CPU
		{9BC88FBF-8A8A-4EF1-B270-A74F01F4E008}.Release|Any CPU.ActiveCfg = Release|Any CPU
		{9BC88FBF-8A8A-4EF1-B270-A74F01F4E008}.Release|Any CPU.Build.0 = Release|Any CPU
		{6B331CF8-F733-459C-803C-52A0284DC15A}.Debug|Any CPU.ActiveCfg = Debug|Any CPU
		{6B331CF8-F733-459C-803C-52A0284DC15A}.Debug|Any CPU.Build.0 = Debug|Any CPU
		{6B331CF8-F733-459C-803C-52A0284DC15A}.Release|Any CPU.ActiveCfg = Release|Any CPU
		{6B331CF8-F733-459C-803C-52A0284DC15A}.Release|Any CPU.Build.0 = Release|Any CPU
		{A1EF7243-33CE-4DDE-ACB3-9058FF62F008}.Debug|Any CPU.ActiveCfg = Debug|Any CPU
		{A1EF7243-33CE-4DDE-ACB3-9058FF62F008}.Debug|Any CPU.Build.0 = Debug|Any CPU
		{A1EF7243-33CE-4DDE-ACB3-9058FF62F008}.Release|Any CPU.ActiveCfg = Release|Any CPU
		{A1EF7243-33CE-4DDE-ACB3-9058FF62F008}.Release|Any CPU.Build.0 = Release|Any CPU
		{88774392-2815-4BCC-A500-847FF4DF9210}.Debug|Any CPU.ActiveCfg = Debug|Any CPU
		{88774392-2815-4BCC-A500-847FF4DF9210}.Debug|Any CPU.Build.0 = Debug|Any CPU
		{88774392-2815-4BCC-A500-847FF4DF9210}.Release|Any CPU.ActiveCfg = Release|Any CPU
		{88774392-2815-4BCC-A500-847FF4DF9210}.Release|Any CPU.Build.0 = Release|Any CPU
		{FCE292D3-3B18-4D2F-BEF8-6251D85D9898}.Debug|Any CPU.ActiveCfg = Debug|Any CPU
		{FCE292D3-3B18-4D2F-BEF8-6251D85D9898}.Debug|Any CPU.Build.0 = Debug|Any CPU
		{FCE292D3-3B18-4D2F-BEF8-6251D85D9898}.Release|Any CPU.ActiveCfg = Release|Any CPU
		{FCE292D3-3B18-4D2F-BEF8-6251D85D9898}.Release|Any CPU.Build.0 = Release|Any CPU
		{BB5C600A-B177-4C86-BCA4-EF703FD78F5E}.Debug|Any CPU.ActiveCfg = Debug|Any CPU
		{BB5C600A-B177-4C86-BCA4-EF703FD78F5E}.Debug|Any CPU.Build.0 = Debug|Any CPU
		{BB5C600A-B177-4C86-BCA4-EF703FD78F5E}.Release|Any CPU.ActiveCfg = Release|Any CPU
		{BB5C600A-B177-4C86-BCA4-EF703FD78F5E}.Release|Any CPU.Build.0 = Release|Any CPU
		{261E8F5C-EDEE-4F52-8C18-FA83DECAECD4}.Debug|Any CPU.ActiveCfg = Debug|Any CPU
		{261E8F5C-EDEE-4F52-8C18-FA83DECAECD4}.Debug|Any CPU.Build.0 = Debug|Any CPU
		{261E8F5C-EDEE-4F52-8C18-FA83DECAECD4}.Release|Any CPU.ActiveCfg = Release|Any CPU
		{261E8F5C-EDEE-4F52-8C18-FA83DECAECD4}.Release|Any CPU.Build.0 = Release|Any CPU
		{D6B2D83A-F5F7-4EA3-9C19-88327AD13FB4}.Debug|Any CPU.ActiveCfg = Debug|Any CPU
		{D6B2D83A-F5F7-4EA3-9C19-88327AD13FB4}.Debug|Any CPU.Build.0 = Debug|Any CPU
		{D6B2D83A-F5F7-4EA3-9C19-88327AD13FB4}.Release|Any CPU.ActiveCfg = Release|Any CPU
		{D6B2D83A-F5F7-4EA3-9C19-88327AD13FB4}.Release|Any CPU.Build.0 = Release|Any CPU
		{6F89FAD9-D958-45F7-AB69-8FCBB96DE60F}.Debug|Any CPU.ActiveCfg = Debug|Any CPU
		{6F89FAD9-D958-45F7-AB69-8FCBB96DE60F}.Debug|Any CPU.Build.0 = Debug|Any CPU
		{6F89FAD9-D958-45F7-AB69-8FCBB96DE60F}.Release|Any CPU.ActiveCfg = Release|Any CPU
		{6F89FAD9-D958-45F7-AB69-8FCBB96DE60F}.Release|Any CPU.Build.0 = Release|Any CPU
		{07877AA7-40F3-455A-95AF-A7C19AB281BA}.Debug|Any CPU.ActiveCfg = Debug|Any CPU
		{07877AA7-40F3-455A-95AF-A7C19AB281BA}.Debug|Any CPU.Build.0 = Debug|Any CPU
		{07877AA7-40F3-455A-95AF-A7C19AB281BA}.Release|Any CPU.ActiveCfg = Release|Any CPU
		{07877AA7-40F3-455A-95AF-A7C19AB281BA}.Release|Any CPU.Build.0 = Release|Any CPU
		{311542B3-1A4E-419C-89A2-91747FF01424}.Debug|Any CPU.ActiveCfg = Debug|Any CPU
		{311542B3-1A4E-419C-89A2-91747FF01424}.Debug|Any CPU.Build.0 = Debug|Any CPU
		{311542B3-1A4E-419C-89A2-91747FF01424}.Release|Any CPU.ActiveCfg = Release|Any CPU
		{311542B3-1A4E-419C-89A2-91747FF01424}.Release|Any CPU.Build.0 = Release|Any CPU
		{A38A536E-089A-4092-AF33-7A90BA044AD8}.Debug|Any CPU.ActiveCfg = Debug|Any CPU
		{A38A536E-089A-4092-AF33-7A90BA044AD8}.Debug|Any CPU.Build.0 = Debug|Any CPU
		{A38A536E-089A-4092-AF33-7A90BA044AD8}.Release|Any CPU.ActiveCfg = Release|Any CPU
		{A38A536E-089A-4092-AF33-7A90BA044AD8}.Release|Any CPU.Build.0 = Release|Any CPU
		{B7551187-D5C5-40D6-B947-AD35E4E44EA5}.Debug|Any CPU.ActiveCfg = Debug|Any CPU
		{B7551187-D5C5-40D6-B947-AD35E4E44EA5}.Debug|Any CPU.Build.0 = Debug|Any CPU
		{B7551187-D5C5-40D6-B947-AD35E4E44EA5}.Release|Any CPU.ActiveCfg = Release|Any CPU
		{B7551187-D5C5-40D6-B947-AD35E4E44EA5}.Release|Any CPU.Build.0 = Release|Any CPU
		{5340E6F2-659C-4D88-ADD9-6E22DFE67A23}.Debug|Any CPU.ActiveCfg = Debug|Any CPU
		{5340E6F2-659C-4D88-ADD9-6E22DFE67A23}.Debug|Any CPU.Build.0 = Debug|Any CPU
		{5340E6F2-659C-4D88-ADD9-6E22DFE67A23}.Release|Any CPU.ActiveCfg = Release|Any CPU
		{5340E6F2-659C-4D88-ADD9-6E22DFE67A23}.Release|Any CPU.Build.0 = Release|Any CPU
		{5CF2F41F-2064-446C-A949-93EE5495E8E2}.Debug|Any CPU.ActiveCfg = Debug|Any CPU
		{5CF2F41F-2064-446C-A949-93EE5495E8E2}.Debug|Any CPU.Build.0 = Debug|Any CPU
		{5CF2F41F-2064-446C-A949-93EE5495E8E2}.Release|Any CPU.ActiveCfg = Release|Any CPU
		{5CF2F41F-2064-446C-A949-93EE5495E8E2}.Release|Any CPU.Build.0 = Release|Any CPU
		{AA7EA695-EA14-4047-8329-57E9259C4F40}.Debug|Any CPU.ActiveCfg = Debug|Any CPU
		{AA7EA695-EA14-4047-8329-57E9259C4F40}.Debug|Any CPU.Build.0 = Debug|Any CPU
		{AA7EA695-EA14-4047-8329-57E9259C4F40}.Release|Any CPU.ActiveCfg = Release|Any CPU
		{AA7EA695-EA14-4047-8329-57E9259C4F40}.Release|Any CPU.Build.0 = Release|Any CPU
		{100F39CC-9CD0-4538-9DEF-9AE5DBA7E772}.Debug|Any CPU.ActiveCfg = Debug|Any CPU
		{100F39CC-9CD0-4538-9DEF-9AE5DBA7E772}.Debug|Any CPU.Build.0 = Debug|Any CPU
		{100F39CC-9CD0-4538-9DEF-9AE5DBA7E772}.Release|Any CPU.ActiveCfg = Release|Any CPU
		{100F39CC-9CD0-4538-9DEF-9AE5DBA7E772}.Release|Any CPU.Build.0 = Release|Any CPU
		{6E52FEC1-1498-4D2C-B413-CA6CC90AB44B}.Debug|Any CPU.ActiveCfg = Debug|Any CPU
		{6E52FEC1-1498-4D2C-B413-CA6CC90AB44B}.Debug|Any CPU.Build.0 = Debug|Any CPU
		{6E52FEC1-1498-4D2C-B413-CA6CC90AB44B}.Release|Any CPU.ActiveCfg = Release|Any CPU
		{6E52FEC1-1498-4D2C-B413-CA6CC90AB44B}.Release|Any CPU.Build.0 = Release|Any CPU
		{E725CBA2-EE55-4A45-BFAD-E119EA0C691C}.Debug|Any CPU.ActiveCfg = Debug|Any CPU
		{E725CBA2-EE55-4A45-BFAD-E119EA0C691C}.Debug|Any CPU.Build.0 = Debug|Any CPU
		{E725CBA2-EE55-4A45-BFAD-E119EA0C691C}.Release|Any CPU.ActiveCfg = Release|Any CPU
		{E725CBA2-EE55-4A45-BFAD-E119EA0C691C}.Release|Any CPU.Build.0 = Release|Any CPU
		{82E1BC1C-77D7-49DD-9387-93C02216CF83}.Debug|Any CPU.ActiveCfg = Debug|Any CPU
		{82E1BC1C-77D7-49DD-9387-93C02216CF83}.Debug|Any CPU.Build.0 = Debug|Any CPU
		{82E1BC1C-77D7-49DD-9387-93C02216CF83}.Release|Any CPU.ActiveCfg = Release|Any CPU
		{82E1BC1C-77D7-49DD-9387-93C02216CF83}.Release|Any CPU.Build.0 = Release|Any CPU
		{E1F2779D-F08F-4019-90A4-483FE0BE9804}.Debug|Any CPU.ActiveCfg = Debug|Any CPU
		{E1F2779D-F08F-4019-90A4-483FE0BE9804}.Debug|Any CPU.Build.0 = Debug|Any CPU
		{E1F2779D-F08F-4019-90A4-483FE0BE9804}.Release|Any CPU.ActiveCfg = Release|Any CPU
		{E1F2779D-F08F-4019-90A4-483FE0BE9804}.Release|Any CPU.Build.0 = Release|Any CPU
		{44054F65-0283-47A2-BE02-42E7079D2BFE}.Debug|Any CPU.ActiveCfg = Debug|Any CPU
		{44054F65-0283-47A2-BE02-42E7079D2BFE}.Debug|Any CPU.Build.0 = Debug|Any CPU
		{44054F65-0283-47A2-BE02-42E7079D2BFE}.Release|Any CPU.ActiveCfg = Release|Any CPU
		{44054F65-0283-47A2-BE02-42E7079D2BFE}.Release|Any CPU.Build.0 = Release|Any CPU
		{CE253325-ABAD-48C1-BACE-95FD816FAA7F}.Debug|Any CPU.ActiveCfg = Debug|Any CPU
		{CE253325-ABAD-48C1-BACE-95FD816FAA7F}.Debug|Any CPU.Build.0 = Debug|Any CPU
		{CE253325-ABAD-48C1-BACE-95FD816FAA7F}.Release|Any CPU.ActiveCfg = Release|Any CPU
		{CE253325-ABAD-48C1-BACE-95FD816FAA7F}.Release|Any CPU.Build.0 = Release|Any CPU
		{520CBAB6-5521-4B78-8DF7-7CAC0453BB0A}.Debug|Any CPU.ActiveCfg = Debug|Any CPU
		{520CBAB6-5521-4B78-8DF7-7CAC0453BB0A}.Debug|Any CPU.Build.0 = Debug|Any CPU
		{520CBAB6-5521-4B78-8DF7-7CAC0453BB0A}.Release|Any CPU.ActiveCfg = Release|Any CPU
		{520CBAB6-5521-4B78-8DF7-7CAC0453BB0A}.Release|Any CPU.Build.0 = Release|Any CPU
		{74225453-3580-4845-89B3-EE62A2A91694}.Debug|Any CPU.ActiveCfg = Debug|Any CPU
		{74225453-3580-4845-89B3-EE62A2A91694}.Debug|Any CPU.Build.0 = Debug|Any CPU
		{74225453-3580-4845-89B3-EE62A2A91694}.Release|Any CPU.ActiveCfg = Release|Any CPU
		{74225453-3580-4845-89B3-EE62A2A91694}.Release|Any CPU.Build.0 = Release|Any CPU
		{AD08C370-26CC-4D72-9533-067C311ECDC7}.Debug|Any CPU.ActiveCfg = Debug|Any CPU
		{AD08C370-26CC-4D72-9533-067C311ECDC7}.Debug|Any CPU.Build.0 = Debug|Any CPU
		{AD08C370-26CC-4D72-9533-067C311ECDC7}.Release|Any CPU.ActiveCfg = Release|Any CPU
		{AD08C370-26CC-4D72-9533-067C311ECDC7}.Release|Any CPU.Build.0 = Release|Any CPU
		{43DC03F0-01B0-4231-A0E6-EE2DADF925AC}.Debug|Any CPU.ActiveCfg = Debug|Any CPU
		{43DC03F0-01B0-4231-A0E6-EE2DADF925AC}.Debug|Any CPU.Build.0 = Debug|Any CPU
		{43DC03F0-01B0-4231-A0E6-EE2DADF925AC}.Release|Any CPU.ActiveCfg = Release|Any CPU
		{43DC03F0-01B0-4231-A0E6-EE2DADF925AC}.Release|Any CPU.Build.0 = Release|Any CPU
		{76F150D5-089A-4670-B2F8-DF75EB1F0A7B}.Debug|Any CPU.ActiveCfg = Debug|Any CPU
		{76F150D5-089A-4670-B2F8-DF75EB1F0A7B}.Debug|Any CPU.Build.0 = Debug|Any CPU
		{76F150D5-089A-4670-B2F8-DF75EB1F0A7B}.Release|Any CPU.ActiveCfg = Release|Any CPU
		{76F150D5-089A-4670-B2F8-DF75EB1F0A7B}.Release|Any CPU.Build.0 = Release|Any CPU
		{9369FD01-C42A-4D60-B4F8-DA75EB43FD56}.Debug|Any CPU.ActiveCfg = Debug|Any CPU
		{9369FD01-C42A-4D60-B4F8-DA75EB43FD56}.Debug|Any CPU.Build.0 = Debug|Any CPU
		{9369FD01-C42A-4D60-B4F8-DA75EB43FD56}.Release|Any CPU.ActiveCfg = Release|Any CPU
		{9369FD01-C42A-4D60-B4F8-DA75EB43FD56}.Release|Any CPU.Build.0 = Release|Any CPU
		{005D8122-B4C5-4689-A46F-EE41F0870455}.Debug|Any CPU.ActiveCfg = Debug|Any CPU
		{005D8122-B4C5-4689-A46F-EE41F0870455}.Debug|Any CPU.Build.0 = Debug|Any CPU
		{005D8122-B4C5-4689-A46F-EE41F0870455}.Release|Any CPU.ActiveCfg = Release|Any CPU
		{005D8122-B4C5-4689-A46F-EE41F0870455}.Release|Any CPU.Build.0 = Release|Any CPU
		{C0761687-2585-4495-B3EA-3FFEB62D09A7}.Debug|Any CPU.ActiveCfg = Debug|Any CPU
		{C0761687-2585-4495-B3EA-3FFEB62D09A7}.Debug|Any CPU.Build.0 = Debug|Any CPU
		{C0761687-2585-4495-B3EA-3FFEB62D09A7}.Release|Any CPU.ActiveCfg = Release|Any CPU
		{C0761687-2585-4495-B3EA-3FFEB62D09A7}.Release|Any CPU.Build.0 = Release|Any CPU
		{CA8DD256-387C-403B-AA28-4F305EF53424}.Debug|Any CPU.ActiveCfg = Debug|Any CPU
		{CA8DD256-387C-403B-AA28-4F305EF53424}.Debug|Any CPU.Build.0 = Debug|Any CPU
		{CA8DD256-387C-403B-AA28-4F305EF53424}.Release|Any CPU.ActiveCfg = Release|Any CPU
		{CA8DD256-387C-403B-AA28-4F305EF53424}.Release|Any CPU.Build.0 = Release|Any CPU
		{8F4A4C23-C7D3-4046-A649-2E17381B0764}.Debug|Any CPU.ActiveCfg = Debug|Any CPU
		{8F4A4C23-C7D3-4046-A649-2E17381B0764}.Debug|Any CPU.Build.0 = Debug|Any CPU
		{8F4A4C23-C7D3-4046-A649-2E17381B0764}.Release|Any CPU.ActiveCfg = Release|Any CPU
		{8F4A4C23-C7D3-4046-A649-2E17381B0764}.Release|Any CPU.Build.0 = Release|Any CPU
		{4D26AE63-A167-4F27-9671-9D38EC7523CC}.Debug|Any CPU.ActiveCfg = Debug|Any CPU
		{4D26AE63-A167-4F27-9671-9D38EC7523CC}.Debug|Any CPU.Build.0 = Debug|Any CPU
		{4D26AE63-A167-4F27-9671-9D38EC7523CC}.Release|Any CPU.ActiveCfg = Release|Any CPU
		{4D26AE63-A167-4F27-9671-9D38EC7523CC}.Release|Any CPU.Build.0 = Release|Any CPU
		{4DC88B80-D92C-4772-B8C4-8E6B8A1801DB}.Debug|Any CPU.ActiveCfg = Debug|Any CPU
		{4DC88B80-D92C-4772-B8C4-8E6B8A1801DB}.Debug|Any CPU.Build.0 = Debug|Any CPU
		{4DC88B80-D92C-4772-B8C4-8E6B8A1801DB}.Release|Any CPU.ActiveCfg = Release|Any CPU
		{4DC88B80-D92C-4772-B8C4-8E6B8A1801DB}.Release|Any CPU.Build.0 = Release|Any CPU
		{219ECCFB-5541-4868-BE65-D381C22F1D23}.Debug|Any CPU.ActiveCfg = Debug|Any CPU
		{219ECCFB-5541-4868-BE65-D381C22F1D23}.Debug|Any CPU.Build.0 = Debug|Any CPU
		{219ECCFB-5541-4868-BE65-D381C22F1D23}.Release|Any CPU.ActiveCfg = Release|Any CPU
		{219ECCFB-5541-4868-BE65-D381C22F1D23}.Release|Any CPU.Build.0 = Release|Any CPU
		{7DF7DB4C-B3A1-4E52-934A-7FC272696A1E}.Debug|Any CPU.ActiveCfg = Debug|Any CPU
		{7DF7DB4C-B3A1-4E52-934A-7FC272696A1E}.Debug|Any CPU.Build.0 = Debug|Any CPU
		{7DF7DB4C-B3A1-4E52-934A-7FC272696A1E}.Release|Any CPU.ActiveCfg = Release|Any CPU
		{7DF7DB4C-B3A1-4E52-934A-7FC272696A1E}.Release|Any CPU.Build.0 = Release|Any CPU
		{2ED87C17-1CB0-49F4-A40A-C67508529D7E}.Debug|Any CPU.ActiveCfg = Debug|Any CPU
		{2ED87C17-1CB0-49F4-A40A-C67508529D7E}.Debug|Any CPU.Build.0 = Debug|Any CPU
		{2ED87C17-1CB0-49F4-A40A-C67508529D7E}.Release|Any CPU.ActiveCfg = Release|Any CPU
		{2ED87C17-1CB0-49F4-A40A-C67508529D7E}.Release|Any CPU.Build.0 = Release|Any CPU
		{C41A3BAF-7B59-4560-90F0-E1725B7D42DD}.Debug|Any CPU.ActiveCfg = Debug|Any CPU
		{C41A3BAF-7B59-4560-90F0-E1725B7D42DD}.Debug|Any CPU.Build.0 = Debug|Any CPU
		{C41A3BAF-7B59-4560-90F0-E1725B7D42DD}.Release|Any CPU.ActiveCfg = Release|Any CPU
		{C41A3BAF-7B59-4560-90F0-E1725B7D42DD}.Release|Any CPU.Build.0 = Release|Any CPU
		{137B7437-3401-4188-ACC7-7D8218F4DA74}.Debug|Any CPU.ActiveCfg = Debug|Any CPU
		{137B7437-3401-4188-ACC7-7D8218F4DA74}.Debug|Any CPU.Build.0 = Debug|Any CPU
		{137B7437-3401-4188-ACC7-7D8218F4DA74}.Release|Any CPU.ActiveCfg = Release|Any CPU
		{137B7437-3401-4188-ACC7-7D8218F4DA74}.Release|Any CPU.Build.0 = Release|Any CPU
		{E6D20D80-3610-4D40-90E4-5254087607AA}.Debug|Any CPU.ActiveCfg = Debug|Any CPU
		{E6D20D80-3610-4D40-90E4-5254087607AA}.Debug|Any CPU.Build.0 = Debug|Any CPU
		{E6D20D80-3610-4D40-90E4-5254087607AA}.Release|Any CPU.ActiveCfg = Release|Any CPU
		{E6D20D80-3610-4D40-90E4-5254087607AA}.Release|Any CPU.Build.0 = Release|Any CPU
		{CB404570-2F73-498E-A056-F1C901E96B31}.Debug|Any CPU.ActiveCfg = Debug|Any CPU
		{CB404570-2F73-498E-A056-F1C901E96B31}.Debug|Any CPU.Build.0 = Debug|Any CPU
		{CB404570-2F73-498E-A056-F1C901E96B31}.Release|Any CPU.ActiveCfg = Release|Any CPU
		{CB404570-2F73-498E-A056-F1C901E96B31}.Release|Any CPU.Build.0 = Release|Any CPU
		{3ABBA123-B716-4D64-8DAF-D396FFF5FB91}.Debug|Any CPU.ActiveCfg = Debug|Any CPU
		{3ABBA123-B716-4D64-8DAF-D396FFF5FB91}.Debug|Any CPU.Build.0 = Debug|Any CPU
		{3ABBA123-B716-4D64-8DAF-D396FFF5FB91}.Release|Any CPU.ActiveCfg = Release|Any CPU
		{3ABBA123-B716-4D64-8DAF-D396FFF5FB91}.Release|Any CPU.Build.0 = Release|Any CPU
		{00E88E83-3DBF-4208-8E87-51EE8BBBD2C8}.Debug|Any CPU.ActiveCfg = Debug|Any CPU
		{00E88E83-3DBF-4208-8E87-51EE8BBBD2C8}.Debug|Any CPU.Build.0 = Debug|Any CPU
		{00E88E83-3DBF-4208-8E87-51EE8BBBD2C8}.Release|Any CPU.ActiveCfg = Release|Any CPU
		{00E88E83-3DBF-4208-8E87-51EE8BBBD2C8}.Release|Any CPU.Build.0 = Release|Any CPU
		{A6E2AA08-7A22-4D15-B902-BB06D740B3F4}.Debug|Any CPU.ActiveCfg = Debug|Any CPU
		{A6E2AA08-7A22-4D15-B902-BB06D740B3F4}.Debug|Any CPU.Build.0 = Debug|Any CPU
		{A6E2AA08-7A22-4D15-B902-BB06D740B3F4}.Release|Any CPU.ActiveCfg = Release|Any CPU
		{A6E2AA08-7A22-4D15-B902-BB06D740B3F4}.Release|Any CPU.Build.0 = Release|Any CPU
		{E9DB5D6B-105F-410C-B7F6-546AA1744D26}.Debug|Any CPU.ActiveCfg = Debug|Any CPU
		{E9DB5D6B-105F-410C-B7F6-546AA1744D26}.Debug|Any CPU.Build.0 = Debug|Any CPU
		{E9DB5D6B-105F-410C-B7F6-546AA1744D26}.Release|Any CPU.ActiveCfg = Release|Any CPU
		{E9DB5D6B-105F-410C-B7F6-546AA1744D26}.Release|Any CPU.Build.0 = Release|Any CPU
		{2631B587-BC48-4420-AF07-B0BC2EF0241F}.Debug|Any CPU.ActiveCfg = Debug|Any CPU
		{2631B587-BC48-4420-AF07-B0BC2EF0241F}.Debug|Any CPU.Build.0 = Debug|Any CPU
		{2631B587-BC48-4420-AF07-B0BC2EF0241F}.Release|Any CPU.ActiveCfg = Release|Any CPU
		{2631B587-BC48-4420-AF07-B0BC2EF0241F}.Release|Any CPU.Build.0 = Release|Any CPU
		{9FFAC70F-4A86-47A5-8C73-AA707DAC4CFE}.Debug|Any CPU.ActiveCfg = Debug|Any CPU
		{9FFAC70F-4A86-47A5-8C73-AA707DAC4CFE}.Debug|Any CPU.Build.0 = Debug|Any CPU
		{9FFAC70F-4A86-47A5-8C73-AA707DAC4CFE}.Release|Any CPU.ActiveCfg = Release|Any CPU
		{9FFAC70F-4A86-47A5-8C73-AA707DAC4CFE}.Release|Any CPU.Build.0 = Release|Any CPU
		{0629047E-4157-47E8-AAB2-4D3F5C7EA833}.Debug|Any CPU.ActiveCfg = Debug|Any CPU
		{0629047E-4157-47E8-AAB2-4D3F5C7EA833}.Debug|Any CPU.Build.0 = Debug|Any CPU
		{0629047E-4157-47E8-AAB2-4D3F5C7EA833}.Release|Any CPU.ActiveCfg = Release|Any CPU
		{0629047E-4157-47E8-AAB2-4D3F5C7EA833}.Release|Any CPU.Build.0 = Release|Any CPU
		{87048FBA-48A1-4A98-B6E5-A8A6A5D29137}.Debug|Any CPU.ActiveCfg = Debug|Any CPU
		{87048FBA-48A1-4A98-B6E5-A8A6A5D29137}.Debug|Any CPU.Build.0 = Debug|Any CPU
		{87048FBA-48A1-4A98-B6E5-A8A6A5D29137}.Release|Any CPU.ActiveCfg = Release|Any CPU
		{87048FBA-48A1-4A98-B6E5-A8A6A5D29137}.Release|Any CPU.Build.0 = Release|Any CPU
		{EB942DC3-7E25-4075-A54B-7924C466EB10}.Debug|Any CPU.ActiveCfg = Debug|Any CPU
		{EB942DC3-7E25-4075-A54B-7924C466EB10}.Debug|Any CPU.Build.0 = Debug|Any CPU
		{EB942DC3-7E25-4075-A54B-7924C466EB10}.Release|Any CPU.ActiveCfg = Release|Any CPU
		{EB942DC3-7E25-4075-A54B-7924C466EB10}.Release|Any CPU.Build.0 = Release|Any CPU
		{BED3FEF8-BEFE-4019-B997-357FBC2A34DB}.Debug|Any CPU.ActiveCfg = Debug|Any CPU
		{BED3FEF8-BEFE-4019-B997-357FBC2A34DB}.Debug|Any CPU.Build.0 = Debug|Any CPU
		{BED3FEF8-BEFE-4019-B997-357FBC2A34DB}.Release|Any CPU.ActiveCfg = Release|Any CPU
		{BED3FEF8-BEFE-4019-B997-357FBC2A34DB}.Release|Any CPU.Build.0 = Release|Any CPU
	EndGlobalSection
	GlobalSection(SolutionProperties) = preSolution
		HideSolutionNode = FALSE
	EndGlobalSection
	GlobalSection(NestedProjects) = preSolution
		{034E3C60-D610-4538-9888-0747D4D157AE} = {44F368FD-498F-4272-8753-9F68A432DD57}
		{D9E443D3-51E1-44DA-9B56-67B62A0D861C} = {44F368FD-498F-4272-8753-9F68A432DD57}
		{119785F0-872C-4532-ABC0-68F3CEBBB842} = {44F368FD-498F-4272-8753-9F68A432DD57}
		{A34780FD-E416-4ADB-B6CB-4EC2D6D7BCED} = {44F368FD-498F-4272-8753-9F68A432DD57}
		{0D4BD3DA-D103-4783-A8F8-FF8F53B6A64B} = {44F368FD-498F-4272-8753-9F68A432DD57}
		{C8D81D89-1E07-495A-87AC-92FA4FE52560} = {44F368FD-498F-4272-8753-9F68A432DD57}
		{06ADBC4D-82AC-461C-9146-851EB2317709} = {316CA5CB-0A58-4F73-8760-3B1C5248A179}
		{15C305E6-57AA-46D6-8342-438A8BD97ECB} = {316CA5CB-0A58-4F73-8760-3B1C5248A179}
		{DC8CADF0-DFCC-42FE-8D07-454F98267CE2} = {316CA5CB-0A58-4F73-8760-3B1C5248A179}
		{BB79C3DF-7B56-47DA-A129-CFAE811ED501} = {316CA5CB-0A58-4F73-8760-3B1C5248A179}
		{6E5487E9-E5D6-4911-94B6-67B662F721B7} = {316CA5CB-0A58-4F73-8760-3B1C5248A179}
		{0C6BA5C5-1FF4-449E-BBE0-F4B6862E45D4} = {316CA5CB-0A58-4F73-8760-3B1C5248A179}
		{0C3961A2-6590-4B55-AD71-FD5A9787DA22} = {316CA5CB-0A58-4F73-8760-3B1C5248A179}
		{C4FC875A-9B60-4B12-984A-69C2E162A5AB} = {316CA5CB-0A58-4F73-8760-3B1C5248A179}
		{6417932D-EA76-40C4-BA0F-A4E52C2A28C0} = {316CA5CB-0A58-4F73-8760-3B1C5248A179}
		{0751F521-6034-4B58-B0AD-5FED500EBC08} = {316CA5CB-0A58-4F73-8760-3B1C5248A179}
		{356EED48-A2FF-4FFE-99D5-2080F98CF190} = {316CA5CB-0A58-4F73-8760-3B1C5248A179}
		{F417CCC3-60F5-4858-9641-F21C7D131DDB} = {316CA5CB-0A58-4F73-8760-3B1C5248A179}
		{13BC05A3-B3D0-4B32-B165-8D805B697B83} = {316CA5CB-0A58-4F73-8760-3B1C5248A179}
		{FE2E3BDC-1C42-49A1-8C0A-C2863E94A25F} = {2F22F5A1-9283-42FD-8F7E-F5802686C7CC}
		{256D8E2F-33A6-43AE-927B-955734DB2905} = {2F22F5A1-9283-42FD-8F7E-F5802686C7CC}
		{2949966C-2143-4207-B42D-6404484913D3} = {2F22F5A1-9283-42FD-8F7E-F5802686C7CC}
		{FB8584A3-DD26-4043-89BD-919AB1C83802} = {2F22F5A1-9283-42FD-8F7E-F5802686C7CC}
		{0D722DEE-DA92-40F1-8F08-5178C99F0998} = {2F22F5A1-9283-42FD-8F7E-F5802686C7CC}
		{0048B1F1-19AD-40AF-A54F-2940718FA460} = {2F22F5A1-9283-42FD-8F7E-F5802686C7CC}
		{B113BC6B-5345-4E22-B124-802DE9528F7D} = {2F22F5A1-9283-42FD-8F7E-F5802686C7CC}
		{516AD1DA-7D74-479F-B620-9BD628B32898} = {2F22F5A1-9283-42FD-8F7E-F5802686C7CC}
		{6AEEEE82-A243-4BFE-96AB-7793C6D54B82} = {2F22F5A1-9283-42FD-8F7E-F5802686C7CC}
		{88CC5542-2038-46F4-9B98-88DCE399F345} = {2F22F5A1-9283-42FD-8F7E-F5802686C7CC}
		{BF480322-1C8F-41B7-B36B-FB437671B6EE} = {2F22F5A1-9283-42FD-8F7E-F5802686C7CC}
		{6C348456-E293-4932-86B4-F52BFD09919B} = {2F22F5A1-9283-42FD-8F7E-F5802686C7CC}
		{1B51CC86-035B-4311-965A-60A4CF3F6482} = {2F22F5A1-9283-42FD-8F7E-F5802686C7CC}
		{0D4DB91F-BE1D-4AE5-AE5B-AE3503B62D34} = {2F22F5A1-9283-42FD-8F7E-F5802686C7CC}
		{4B9368AA-4CB3-4736-9D49-770CBF4C888A} = {2F22F5A1-9283-42FD-8F7E-F5802686C7CC}
		{F683C513-791A-4BB9-BD41-30A2FAAA6CD6} = {2F22F5A1-9283-42FD-8F7E-F5802686C7CC}
		{E7339D40-ED9F-461D-893E-CCE885843458} = {7AED5485-0999-4AD4-9A5E-C17732F47B83}
		{1F29A3C3-2955-4891-865B-5C702264E4E4} = {7AED5485-0999-4AD4-9A5E-C17732F47B83}
		{74A83C2B-8ACD-4520-ABDC-147FCC037E10} = {7AED5485-0999-4AD4-9A5E-C17732F47B83}
		{EC89EFC8-661B-4E1E-97C0-60F769A86DB6} = {7AED5485-0999-4AD4-9A5E-C17732F47B83}
		{9BC88FBF-8A8A-4EF1-B270-A74F01F4E008} = {7AED5485-0999-4AD4-9A5E-C17732F47B83}
		{6B331CF8-F733-459C-803C-52A0284DC15A} = {7AED5485-0999-4AD4-9A5E-C17732F47B83}
		{A1EF7243-33CE-4DDE-ACB3-9058FF62F008} = {7AED5485-0999-4AD4-9A5E-C17732F47B83}
		{88774392-2815-4BCC-A500-847FF4DF9210} = {7AED5485-0999-4AD4-9A5E-C17732F47B83}
		{FCE292D3-3B18-4D2F-BEF8-6251D85D9898} = {7AED5485-0999-4AD4-9A5E-C17732F47B83}
		{BB5C600A-B177-4C86-BCA4-EF703FD78F5E} = {7AED5485-0999-4AD4-9A5E-C17732F47B83}
		{261E8F5C-EDEE-4F52-8C18-FA83DECAECD4} = {7AED5485-0999-4AD4-9A5E-C17732F47B83}
		{D6B2D83A-F5F7-4EA3-9C19-88327AD13FB4} = {7AED5485-0999-4AD4-9A5E-C17732F47B83}
		{6F89FAD9-D958-45F7-AB69-8FCBB96DE60F} = {86FB1FBF-BDBB-4274-B878-114035410594}
		{07877AA7-40F3-455A-95AF-A7C19AB281BA} = {86FB1FBF-BDBB-4274-B878-114035410594}
		{311542B3-1A4E-419C-89A2-91747FF01424} = {86FB1FBF-BDBB-4274-B878-114035410594}
		{A38A536E-089A-4092-AF33-7A90BA044AD8} = {86FB1FBF-BDBB-4274-B878-114035410594}
		{B7551187-D5C5-40D6-B947-AD35E4E44EA5} = {86FB1FBF-BDBB-4274-B878-114035410594}
		{5340E6F2-659C-4D88-ADD9-6E22DFE67A23} = {86FB1FBF-BDBB-4274-B878-114035410594}
		{5CF2F41F-2064-446C-A949-93EE5495E8E2} = {86FB1FBF-BDBB-4274-B878-114035410594}
		{AA7EA695-EA14-4047-8329-57E9259C4F40} = {86FB1FBF-BDBB-4274-B878-114035410594}
		{100F39CC-9CD0-4538-9DEF-9AE5DBA7E772} = {86FB1FBF-BDBB-4274-B878-114035410594}
		{6E52FEC1-1498-4D2C-B413-CA6CC90AB44B} = {86FB1FBF-BDBB-4274-B878-114035410594}
		{E725CBA2-EE55-4A45-BFAD-E119EA0C691C} = {86FB1FBF-BDBB-4274-B878-114035410594}
		{82E1BC1C-77D7-49DD-9387-93C02216CF83} = {9619355E-3F8F-479A-B5AC-07FBFEC67E97}
		{E1F2779D-F08F-4019-90A4-483FE0BE9804} = {9619355E-3F8F-479A-B5AC-07FBFEC67E97}
		{44054F65-0283-47A2-BE02-42E7079D2BFE} = {9619355E-3F8F-479A-B5AC-07FBFEC67E97}
		{CE253325-ABAD-48C1-BACE-95FD816FAA7F} = {9619355E-3F8F-479A-B5AC-07FBFEC67E97}
		{520CBAB6-5521-4B78-8DF7-7CAC0453BB0A} = {9619355E-3F8F-479A-B5AC-07FBFEC67E97}
		{74225453-3580-4845-89B3-EE62A2A91694} = {9619355E-3F8F-479A-B5AC-07FBFEC67E97}
		{AD08C370-26CC-4D72-9533-067C311ECDC7} = {9619355E-3F8F-479A-B5AC-07FBFEC67E97}
		{43DC03F0-01B0-4231-A0E6-EE2DADF925AC} = {9619355E-3F8F-479A-B5AC-07FBFEC67E97}
		{76F150D5-089A-4670-B2F8-DF75EB1F0A7B} = {9619355E-3F8F-479A-B5AC-07FBFEC67E97}
		{9369FD01-C42A-4D60-B4F8-DA75EB43FD56} = {9619355E-3F8F-479A-B5AC-07FBFEC67E97}
		{005D8122-B4C5-4689-A46F-EE41F0870455} = {9619355E-3F8F-479A-B5AC-07FBFEC67E97}
		{C0761687-2585-4495-B3EA-3FFEB62D09A7} = {9619355E-3F8F-479A-B5AC-07FBFEC67E97}
		{CA8DD256-387C-403B-AA28-4F305EF53424} = {9619355E-3F8F-479A-B5AC-07FBFEC67E97}
		{8F4A4C23-C7D3-4046-A649-2E17381B0764} = {9619355E-3F8F-479A-B5AC-07FBFEC67E97}
		{4D26AE63-A167-4F27-9671-9D38EC7523CC} = {9619355E-3F8F-479A-B5AC-07FBFEC67E97}
		{4DC88B80-D92C-4772-B8C4-8E6B8A1801DB} = {9619355E-3F8F-479A-B5AC-07FBFEC67E97}
		{219ECCFB-5541-4868-BE65-D381C22F1D23} = {9619355E-3F8F-479A-B5AC-07FBFEC67E97}
		{7DF7DB4C-B3A1-4E52-934A-7FC272696A1E} = {9619355E-3F8F-479A-B5AC-07FBFEC67E97}
		{2ED87C17-1CB0-49F4-A40A-C67508529D7E} = {C2DC2612-A944-496E-A760-372376DE3B83}
		{C41A3BAF-7B59-4560-90F0-E1725B7D42DD} = {C2DC2612-A944-496E-A760-372376DE3B83}
		{137B7437-3401-4188-ACC7-7D8218F4DA74} = {C2DC2612-A944-496E-A760-372376DE3B83}
		{E6D20D80-3610-4D40-90E4-5254087607AA} = {C2DC2612-A944-496E-A760-372376DE3B83}
		{CB404570-2F73-498E-A056-F1C901E96B31} = {C2DC2612-A944-496E-A760-372376DE3B83}
		{3ABBA123-B716-4D64-8DAF-D396FFF5FB91} = {C2DC2612-A944-496E-A760-372376DE3B83}
		{00E88E83-3DBF-4208-8E87-51EE8BBBD2C8} = {C2DC2612-A944-496E-A760-372376DE3B83}
		{A6E2AA08-7A22-4D15-B902-BB06D740B3F4} = {C2DC2612-A944-496E-A760-372376DE3B83}
		{E9DB5D6B-105F-410C-B7F6-546AA1744D26} = {C2DC2612-A944-496E-A760-372376DE3B83}
		{2631B587-BC48-4420-AF07-B0BC2EF0241F} = {C2DC2612-A944-496E-A760-372376DE3B83}
		{9FFAC70F-4A86-47A5-8C73-AA707DAC4CFE} = {C2DC2612-A944-496E-A760-372376DE3B83}
		{0629047E-4157-47E8-AAB2-4D3F5C7EA833} = {C2DC2612-A944-496E-A760-372376DE3B83}
		{87048FBA-48A1-4A98-B6E5-A8A6A5D29137} = {C2DC2612-A944-496E-A760-372376DE3B83}
		{EB942DC3-7E25-4075-A54B-7924C466EB10} = {C2DC2612-A944-496E-A760-372376DE3B83}
		{BED3FEF8-BEFE-4019-B997-357FBC2A34DB} = {C2DC2612-A944-496E-A760-372376DE3B83}
	EndGlobalSection
	GlobalSection(ExtensibilityGlobals) = postSolution
		SolutionGuid = {4A02B64A-EB33-4BDF-8203-FED1865F08F8}
	EndGlobalSection
EndGlobal
